// !$*UTF8*$!
{
	archiveVersion = 1;
	classes = {
	};
	objectVersion = 46;
	objects = {

/* Begin PBXAggregateTarget section */
		13D919CF1E024DA9917DF336 /* install */ = {
			isa = PBXAggregateTarget;
			buildConfigurationList = F4E4B61BE89546928A6B767C /* Build configuration list for PBXAggregateTarget "install" */;
			buildPhases = (
				93426DA6A4AC2C2AC9CE883C /* CMake PostBuild Rules */,
			);
			dependencies = (
				A31E7B0A1C1A487F9B58E310 /* PBXTargetDependency */,
			);
			name = install;
			productName = install;
		};
		222ED28E418F401EAA5F0615 /* ALL_BUILD */ = {
			isa = PBXAggregateTarget;
			buildConfigurationList = BC2F3A7D49BE479C930F6A18 /* Build configuration list for PBXAggregateTarget "ALL_BUILD" */;
			buildPhases = (
				D58BDF5210EC4F26F4D6173E /* Generate CMakeFiles/ALL_BUILD */,
			);
			dependencies = (
				361340B4BE2C49FC8467E7B1 /* PBXTargetDependency */,
			);
			name = ALL_BUILD;
			productName = ALL_BUILD;
		};
		3850E568C6F94B0B96D414EE /* ZERO_CHECK */ = {
			isa = PBXAggregateTarget;
			buildConfigurationList = CDAF321C2C5241D78F3F71DF /* Build configuration list for PBXAggregateTarget "ZERO_CHECK" */;
			buildPhases = (
				B51A7E8257757BC2ACFD2CD6 /* Generate CMakeFiles/ZERO_CHECK */,
			);
			dependencies = (
			);
			name = ZERO_CHECK;
			productName = ZERO_CHECK;
		};
/* End PBXAggregateTarget section */

/* Begin PBXBuildStyle section */
		12416BC60D4A4732BFE9DEFA /* Release */ = {
			isa = PBXBuildStyle;
			buildSettings = {
				COPY_PHASE_STRIP = NO;
			};
			name = Release;
		};
		6D2E3FAA4616495D92FEDF0A /* Debug */ = {
			isa = PBXBuildStyle;
			buildSettings = {
				COPY_PHASE_STRIP = NO;
			};
			name = Debug;
		};
		BE8336E2862242F78FB2EE37 /* MinSizeRel */ = {
			isa = PBXBuildStyle;
			buildSettings = {
				COPY_PHASE_STRIP = NO;
			};
			name = MinSizeRel;
		};
		E9611DA4A1D24640B6CD2E39 /* RelWithDebInfo */ = {
			isa = PBXBuildStyle;
			buildSettings = {
				COPY_PHASE_STRIP = NO;
			};
			name = RelWithDebInfo;
		};
/* End PBXBuildStyle section */

/* Begin PBXContainerItemProxy section */
		2BEC9BB661FA44118FD000C9 /* PBXContainerItemProxy */ = {
			isa = PBXContainerItemProxy;
			containerPortal = 1967BA12B9A043E09DEF5F91 /* Project object */;
			proxyType = 1;
			remoteGlobalIDString = 222ED28E418F401EAA5F0615;
			remoteInfo = ALL_BUILD;
		};
		9776CE6D4714498D82E77A7C /* PBXContainerItemProxy */ = {
			isa = PBXContainerItemProxy;
			containerPortal = 1967BA12B9A043E09DEF5F91 /* Project object */;
			proxyType = 1;
			remoteGlobalIDString = 3850E568C6F94B0B96D414EE;
			remoteInfo = ZERO_CHECK;
		};
/* End PBXContainerItemProxy section */

/* Begin PBXFileReference section */
		F63E303BECA641D5A39C5E16 /* /Users/adriand/Documents/Dev/Vulkan/Floof-Engine/Libs/openal-soft/utils/alsoft-config/CMakeLists.txt */ = {isa = PBXFileReference; explicitFileType = sourcecode.text; fileEncoding = 4; name = CMakeLists.txt; path = CMakeLists.txt; sourceTree = SOURCE_ROOT; };
/* End PBXFileReference section */

/* Begin PBXGroup section */
		2AC0C0929E5240E0BECC65BE /* Products */ = {
			isa = PBXGroup;
			children = (
			);
			name = Products;
			sourceTree = "<group>";
		};
		2F43352E6EFF4ABD828BE38A = {
			isa = PBXGroup;
			children = (
				BE3A702E124340B797B0FB3A /* ALL_BUILD */,
				2AC0C0929E5240E0BECC65BE /* Products */,
				F19E411C3A3E4E4C9275BC06 /* Frameworks */,
			);
			sourceTree = "<group>";
		};
		BE3A702E124340B797B0FB3A /* ALL_BUILD */ = {
			isa = PBXGroup;
			children = (
				BF3F58485C1C488381C4F7CD /* CMake Rules */,
				F63E303BECA641D5A39C5E16 /* /Users/adriand/Documents/Dev/Vulkan/Floof-Engine/Libs/openal-soft/utils/alsoft-config/CMakeLists.txt */,
			);
			name = ALL_BUILD;
			sourceTree = "<group>";
		};
		BF3F58485C1C488381C4F7CD /* CMake Rules */ = {
			isa = PBXGroup;
			children = (
			);
			name = "CMake Rules";
			sourceTree = "<group>";
		};
		F19E411C3A3E4E4C9275BC06 /* Frameworks */ = {
			isa = PBXGroup;
			children = (
			);
			name = Frameworks;
			sourceTree = "<group>";
		};
/* End PBXGroup section */

/* Begin PBXProject section */
		1967BA12B9A043E09DEF5F91 /* Project object */ = {
			isa = PBXProject;
			attributes = {
				BuildIndependentTargetsInParallel = YES;
				LastUpgradeCheck = 1400;
			};
			buildConfigurationList = C362B9345C334EA69471A795 /* Build configuration list for PBXProject "alsoft-config" */;
			buildSettings = {
			};
			buildStyles = (
				6D2E3FAA4616495D92FEDF0A /* Debug */,
				12416BC60D4A4732BFE9DEFA /* Release */,
				BE8336E2862242F78FB2EE37 /* MinSizeRel */,
				E9611DA4A1D24640B6CD2E39 /* RelWithDebInfo */,
			);
			compatibilityVersion = "Xcode 3.2";
			hasScannedForEncodings = 0;
			mainGroup = 2F43352E6EFF4ABD828BE38A;
			projectDirPath = "/Users/adriand/Documents/Dev/Vulkan/Floof-Engine/Libs/openal-soft/utils/alsoft-config";
			projectRoot = "";
			targets = (
				222ED28E418F401EAA5F0615 /* ALL_BUILD */,
				3850E568C6F94B0B96D414EE /* ZERO_CHECK */,
				13D919CF1E024DA9917DF336 /* install */,
			);
		};
/* End PBXProject section */

/* Begin PBXShellScriptBuildPhase section */
		3C0110FC8322DE7E50886E21 = {
			isa = PBXShellScriptBuildPhase;
			buildActionMask = 2147483647;
			files = (
			);
			inputPaths = (
			);
			outputPaths = (
			);
			runOnlyForDeploymentPostprocessing = 0;
			shellPath = /bin/sh;
			shellScript = "# shell script goes here
exit 0";
			showEnvVarsInLog = 0;
		};
		87AF4882E018677E2624B544 = {
			isa = PBXShellScriptBuildPhase;
			buildActionMask = 2147483647;
			files = (
			);
			inputPaths = (
			);
			outputPaths = (
			);
			runOnlyForDeploymentPostprocessing = 0;
			shellPath = /bin/sh;
			shellScript = "# shell script goes here
exit 0";
			showEnvVarsInLog = 0;
		};
		93426DA6A4AC2C2AC9CE883C /* CMake PostBuild Rules */ = {
			isa = PBXShellScriptBuildPhase;
			alwaysOutOfDate = 1;
			buildActionMask = 2147483647;
			files = (
			);
			name = "CMake PostBuild Rules";
			outputPaths = (
			);
			runOnlyForDeploymentPostprocessing = 0;
			shellPath = /bin/sh;
			shellScript = "set -e
if test \"$CONFIGURATION\" = \"Debug\"; then :
  cd /Users/adriand/Documents/Dev/Vulkan/Floof-Engine/xcode-build/Libs/openal-soft/utils/alsoft-config
  /opt/homebrew/Cellar/cmake/3.24.2/bin/cmake -DBUILD_TYPE=$CONFIGURATION$EFFECTIVE_PLATFORM_NAME -P cmake_install.cmake
fi
if test \"$CONFIGURATION\" = \"Release\"; then :
  cd /Users/adriand/Documents/Dev/Vulkan/Floof-Engine/xcode-build/Libs/openal-soft/utils/alsoft-config
  /opt/homebrew/Cellar/cmake/3.24.2/bin/cmake -DBUILD_TYPE=$CONFIGURATION$EFFECTIVE_PLATFORM_NAME -P cmake_install.cmake
fi
if test \"$CONFIGURATION\" = \"MinSizeRel\"; then :
  cd /Users/adriand/Documents/Dev/Vulkan/Floof-Engine/xcode-build/Libs/openal-soft/utils/alsoft-config
  /opt/homebrew/Cellar/cmake/3.24.2/bin/cmake -DBUILD_TYPE=$CONFIGURATION$EFFECTIVE_PLATFORM_NAME -P cmake_install.cmake
fi
if test \"$CONFIGURATION\" = \"RelWithDebInfo\"; then :
  cd /Users/adriand/Documents/Dev/Vulkan/Floof-Engine/xcode-build/Libs/openal-soft/utils/alsoft-config
  /opt/homebrew/Cellar/cmake/3.24.2/bin/cmake -DBUILD_TYPE=$CONFIGURATION$EFFECTIVE_PLATFORM_NAME -P cmake_install.cmake
fi
";
			showEnvVarsInLog = 0;
		};
		9B50530E35CC49C82C2FACCF = {
			isa = PBXShellScriptBuildPhase;
			buildActionMask = 2147483647;
			files = (
			);
			inputPaths = (
			);
			outputPaths = (
			);
			runOnlyForDeploymentPostprocessing = 0;
			shellPath = /bin/sh;
			shellScript = "# shell script goes here
exit 0";
			showEnvVarsInLog = 0;
		};
		B51A7E8257757BC2ACFD2CD6 /* Generate CMakeFiles/ZERO_CHECK */ = {
			isa = PBXShellScriptBuildPhase;
			alwaysOutOfDate = 1;
			buildActionMask = 2147483647;
			files = (
			);
			inputPaths = (
			);
			name = "Generate CMakeFiles/ZERO_CHECK";
			outputPaths = (
"/Users/adriand/Documents/Dev/Vulkan/Floof-Engine/xcode-build/Libs/openal-soft/utils/alsoft-config/CMakeFiles/ZERO_CHECK"			);
			runOnlyForDeploymentPostprocessing = 0;
			shellPath = /bin/sh;
			shellScript = "set -e
if test \"$CONFIGURATION\" = \"Debug\"; then :
  cd /Users/adriand/Documents/Dev/Vulkan/Floof-Engine/xcode-build/Libs/openal-soft/utils/alsoft-config
  make -f /Users/adriand/Documents/Dev/Vulkan/Floof-Engine/xcode-build/Libs/openal-soft/utils/alsoft-config/CMakeScripts/ReRunCMake.make
fi
if test \"$CONFIGURATION\" = \"Release\"; then :
  cd /Users/adriand/Documents/Dev/Vulkan/Floof-Engine/xcode-build/Libs/openal-soft/utils/alsoft-config
  make -f /Users/adriand/Documents/Dev/Vulkan/Floof-Engine/xcode-build/Libs/openal-soft/utils/alsoft-config/CMakeScripts/ReRunCMake.make
fi
if test \"$CONFIGURATION\" = \"MinSizeRel\"; then :
  cd /Users/adriand/Documents/Dev/Vulkan/Floof-Engine/xcode-build/Libs/openal-soft/utils/alsoft-config
  make -f /Users/adriand/Documents/Dev/Vulkan/Floof-Engine/xcode-build/Libs/openal-soft/utils/alsoft-config/CMakeScripts/ReRunCMake.make
fi
if test \"$CONFIGURATION\" = \"RelWithDebInfo\"; then :
  cd /Users/adriand/Documents/Dev/Vulkan/Floof-Engine/xcode-build/Libs/openal-soft/utils/alsoft-config
  make -f /Users/adriand/Documents/Dev/Vulkan/Floof-Engine/xcode-build/Libs/openal-soft/utils/alsoft-config/CMakeScripts/ReRunCMake.make
fi
";
			showEnvVarsInLog = 0;
		};
		D58BDF5210EC4F26F4D6173E /* Generate CMakeFiles/ALL_BUILD */ = {
			isa = PBXShellScriptBuildPhase;
			alwaysOutOfDate = 1;
			buildActionMask = 2147483647;
			files = (
			);
			inputPaths = (
			);
			name = "Generate CMakeFiles/ALL_BUILD";
			outputPaths = (
"/Users/adriand/Documents/Dev/Vulkan/Floof-Engine/xcode-build/Libs/openal-soft/utils/alsoft-config/CMakeFiles/ALL_BUILD"			);
			runOnlyForDeploymentPostprocessing = 0;
			shellPath = /bin/sh;
			shellScript = "set -e
if test \"$CONFIGURATION\" = \"Debug\"; then :
  cd /Users/adriand/Documents/Dev/Vulkan/Floof-Engine/xcode-build/Libs/openal-soft/utils/alsoft-config
  echo Build\\ all\\ projects
fi
if test \"$CONFIGURATION\" = \"Release\"; then :
  cd /Users/adriand/Documents/Dev/Vulkan/Floof-Engine/xcode-build/Libs/openal-soft/utils/alsoft-config
  echo Build\\ all\\ projects
fi
if test \"$CONFIGURATION\" = \"MinSizeRel\"; then :
  cd /Users/adriand/Documents/Dev/Vulkan/Floof-Engine/xcode-build/Libs/openal-soft/utils/alsoft-config
  echo Build\\ all\\ projects
fi
if test \"$CONFIGURATION\" = \"RelWithDebInfo\"; then :
  cd /Users/adriand/Documents/Dev/Vulkan/Floof-Engine/xcode-build/Libs/openal-soft/utils/alsoft-config
  echo Build\\ all\\ projects
fi
";
			showEnvVarsInLog = 0;
		};
/* End PBXShellScriptBuildPhase section */

/* Begin PBXTargetDependency section */
		361340B4BE2C49FC8467E7B1 /* PBXTargetDependency */ = {
			isa = PBXTargetDependency;
			target = 3850E568C6F94B0B96D414EE /* ZERO_CHECK */;
			targetProxy = 9776CE6D4714498D82E77A7C /* PBXContainerItemProxy */;
		};
		A31E7B0A1C1A487F9B58E310 /* PBXTargetDependency */ = {
			isa = PBXTargetDependency;
			target = 222ED28E418F401EAA5F0615 /* ALL_BUILD */;
			targetProxy = 2BEC9BB661FA44118FD000C9 /* PBXContainerItemProxy */;
		};
/* End PBXTargetDependency section */

/* Begin XCBuildConfiguration section */
		00A7933A98B640DD9AC00996 /* MinSizeRel */ = {
			isa = XCBuildConfiguration;
			buildSettings = {
				ARCHS = arm64;
				CODE_SIGNING_ALLOWED = NO;
				CODE_SIGNING_REQUIRED = NO;
				SDKROOT = /Applications/Xcode.app/Contents/Developer/Platforms/MacOSX.platform/Developer/SDKs/MacOSX12.3.sdk;
				SYMROOT = "/Users/adriand/Documents/Dev/Vulkan/Floof-Engine/xcode-build/Libs/openal-soft/utils/alsoft-config/build";
			};
			name = MinSizeRel;
		};
		061E8424060A4CEEBDBD0B32 /* RelWithDebInfo */ = {
			isa = XCBuildConfiguration;
			buildSettings = {
				ARCHS = arm64;
				COMBINE_HIDPI_IMAGES = YES;
				GCC_GENERATE_DEBUGGING_SYMBOLS = YES;
				GCC_INLINES_ARE_PRIVATE_EXTERN = NO;
				GCC_OPTIMIZATION_LEVEL = 0;
				GCC_PREPROCESSOR_DEFINITIONS = ("'CMAKE_INTDIR=\"$(CONFIGURATION)$(EFFECTIVE_PLATFORM_NAME)\"'","$(inherited)");
				GCC_SYMBOLS_PRIVATE_EXTERN = NO;
				INSTALL_PATH = "";
				ONLY_ACTIVE_ARCH = NO;
				OTHER_LDFLAGS = ("","$(inherited)");
				OTHER_REZFLAGS = "";
				PRODUCT_NAME = ALL_BUILD;
				SECTORDER_FLAGS = "";
				SYMROOT = "/Users/adriand/Documents/Dev/Vulkan/Floof-Engine/xcode-build/Libs/openal-soft/utils/alsoft-config";
				USE_HEADERMAP = NO;
				WARNING_CFLAGS = ("$(inherited)");
			};
			name = RelWithDebInfo;
		};
		13E76A3CFF66476582D3653B /* RelWithDebInfo */ = {
			isa = XCBuildConfiguration;
			buildSettings = {
				ARCHS = arm64;
				COMBINE_HIDPI_IMAGES = YES;
				GCC_GENERATE_DEBUGGING_SYMBOLS = YES;
				GCC_INLINES_ARE_PRIVATE_EXTERN = NO;
				GCC_OPTIMIZATION_LEVEL = 0;
				GCC_PREPROCESSOR_DEFINITIONS = ("'CMAKE_INTDIR=\"$(CONFIGURATION)$(EFFECTIVE_PLATFORM_NAME)\"'","$(inherited)");
				GCC_SYMBOLS_PRIVATE_EXTERN = NO;
				INSTALL_PATH = "";
				ONLY_ACTIVE_ARCH = NO;
				OTHER_LDFLAGS = ("","$(inherited)");
				OTHER_REZFLAGS = "";
				PRODUCT_NAME = install;
				SECTORDER_FLAGS = "";
				SYMROOT = "/Users/adriand/Documents/Dev/Vulkan/Floof-Engine/xcode-build/Libs/openal-soft/utils/alsoft-config";
				USE_HEADERMAP = NO;
				WARNING_CFLAGS = ("$(inherited)");
			};
			name = RelWithDebInfo;
		};
		28FA842B5AD6424FB5B9F77E /* Debug */ = {
			isa = XCBuildConfiguration;
			buildSettings = {
				ARCHS = arm64;
				CODE_SIGNING_ALLOWED = NO;
				CODE_SIGNING_REQUIRED = NO;
				SDKROOT = /Applications/Xcode.app/Contents/Developer/Platforms/MacOSX.platform/Developer/SDKs/MacOSX12.3.sdk;
				SYMROOT = "/Users/adriand/Documents/Dev/Vulkan/Floof-Engine/xcode-build/Libs/openal-soft/utils/alsoft-config/build";
			};
			name = Debug;
		};
		3ABCF460C20D4898A9A6C94D /* RelWithDebInfo */ = {
			isa = XCBuildConfiguration;
			buildSettings = {
				ARCHS = arm64;
				COMBINE_HIDPI_IMAGES = YES;
				GCC_GENERATE_DEBUGGING_SYMBOLS = YES;
				GCC_INLINES_ARE_PRIVATE_EXTERN = NO;
				GCC_OPTIMIZATION_LEVEL = 0;
				GCC_PREPROCESSOR_DEFINITIONS = ("'CMAKE_INTDIR=\"$(CONFIGURATION)$(EFFECTIVE_PLATFORM_NAME)\"'","$(inherited)");
				GCC_SYMBOLS_PRIVATE_EXTERN = NO;
				INSTALL_PATH = "";
				ONLY_ACTIVE_ARCH = NO;
				OTHER_LDFLAGS = ("","$(inherited)");
				OTHER_REZFLAGS = "";
				PRODUCT_NAME = ZERO_CHECK;
				SECTORDER_FLAGS = "";
				SYMROOT = "/Users/adriand/Documents/Dev/Vulkan/Floof-Engine/xcode-build/Libs/openal-soft/utils/alsoft-config";
				USE_HEADERMAP = NO;
				WARNING_CFLAGS = ("$(inherited)");
			};
			name = RelWithDebInfo;
		};
		4065DFA25FE54A68BE61551E /* Debug */ = {
			isa = XCBuildConfiguration;
			buildSettings = {
				ARCHS = arm64;
				COMBINE_HIDPI_IMAGES = YES;
				GCC_GENERATE_DEBUGGING_SYMBOLS = YES;
				GCC_INLINES_ARE_PRIVATE_EXTERN = NO;
				GCC_OPTIMIZATION_LEVEL = 0;
				GCC_PREPROCESSOR_DEFINITIONS = ("'CMAKE_INTDIR=\"$(CONFIGURATION)$(EFFECTIVE_PLATFORM_NAME)\"'","$(inherited)");
				GCC_SYMBOLS_PRIVATE_EXTERN = NO;
				INSTALL_PATH = "";
				ONLY_ACTIVE_ARCH = NO;
				OTHER_LDFLAGS = ("","$(inherited)");
				OTHER_REZFLAGS = "";
				PRODUCT_NAME = ALL_BUILD;
				SECTORDER_FLAGS = "";
				SYMROOT = "/Users/adriand/Documents/Dev/Vulkan/Floof-Engine/xcode-build/Libs/openal-soft/utils/alsoft-config";
				USE_HEADERMAP = NO;
				WARNING_CFLAGS = ("$(inherited)");
			};
			name = Debug;
		};
		5613A0776A1E4E3088C83062 /* Release */ = {
			isa = XCBuildConfiguration;
			buildSettings = {
				ARCHS = arm64;
				COMBINE_HIDPI_IMAGES = YES;
				GCC_GENERATE_DEBUGGING_SYMBOLS = YES;
				GCC_INLINES_ARE_PRIVATE_EXTERN = NO;
				GCC_OPTIMIZATION_LEVEL = 0;
				GCC_PREPROCESSOR_DEFINITIONS = ("'CMAKE_INTDIR=\"$(CONFIGURATION)$(EFFECTIVE_PLATFORM_NAME)\"'","$(inherited)");
				GCC_SYMBOLS_PRIVATE_EXTERN = NO;
				INSTALL_PATH = "";
				ONLY_ACTIVE_ARCH = NO;
				OTHER_LDFLAGS = ("","$(inherited)");
				OTHER_REZFLAGS = "";
				PRODUCT_NAME = ALL_BUILD;
				SECTORDER_FLAGS = "";
				SYMROOT = "/Users/adriand/Documents/Dev/Vulkan/Floof-Engine/xcode-build/Libs/openal-soft/utils/alsoft-config";
				USE_HEADERMAP = NO;
				WARNING_CFLAGS = ("$(inherited)");
			};
			name = Release;
		};
		8E825B19321C4E3382A8EC5A /* Debug */ = {
			isa = XCBuildConfiguration;
			buildSettings = {
				ARCHS = arm64;
				COMBINE_HIDPI_IMAGES = YES;
				GCC_GENERATE_DEBUGGING_SYMBOLS = YES;
				GCC_INLINES_ARE_PRIVATE_EXTERN = NO;
				GCC_OPTIMIZATION_LEVEL = 0;
				GCC_PREPROCESSOR_DEFINITIONS = ("'CMAKE_INTDIR=\"$(CONFIGURATION)$(EFFECTIVE_PLATFORM_NAME)\"'","$(inherited)");
				GCC_SYMBOLS_PRIVATE_EXTERN = NO;
				INSTALL_PATH = "";
				ONLY_ACTIVE_ARCH = NO;
				OTHER_LDFLAGS = ("","$(inherited)");
				OTHER_REZFLAGS = "";
				PRODUCT_NAME = install;
				SECTORDER_FLAGS = "";
				SYMROOT = "/Users/adriand/Documents/Dev/Vulkan/Floof-Engine/xcode-build/Libs/openal-soft/utils/alsoft-config";
				USE_HEADERMAP = NO;
				WARNING_CFLAGS = ("$(inherited)");
			};
			name = Debug;
		};
		A09AC856B39743A392B0A44A /* Release */ = {
			isa = XCBuildConfiguration;
			buildSettings = {
				ARCHS = arm64;
				COMBINE_HIDPI_IMAGES = YES;
				GCC_GENERATE_DEBUGGING_SYMBOLS = YES;
				GCC_INLINES_ARE_PRIVATE_EXTERN = NO;
				GCC_OPTIMIZATION_LEVEL = 0;
				GCC_PREPROCESSOR_DEFINITIONS = ("'CMAKE_INTDIR=\"$(CONFIGURATION)$(EFFECTIVE_PLATFORM_NAME)\"'","$(inherited)");
				GCC_SYMBOLS_PRIVATE_EXTERN = NO;
				INSTALL_PATH = "";
				ONLY_ACTIVE_ARCH = NO;
				OTHER_LDFLAGS = ("","$(inherited)");
				OTHER_REZFLAGS = "";
				PRODUCT_NAME = ZERO_CHECK;
				SECTORDER_FLAGS = "";
				SYMROOT = "/Users/adriand/Documents/Dev/Vulkan/Floof-Engine/xcode-build/Libs/openal-soft/utils/alsoft-config";
				USE_HEADERMAP = NO;
				WARNING_CFLAGS = ("$(inherited)");
			};
			name = Release;
		};
		B009974B303945E380BB241B /* RelWithDebInfo */ = {
			isa = XCBuildConfiguration;
			buildSettings = {
				ARCHS = arm64;
				CODE_SIGNING_ALLOWED = NO;
				CODE_SIGNING_REQUIRED = NO;
				SDKROOT = /Applications/Xcode.app/Contents/Developer/Platforms/MacOSX.platform/Developer/SDKs/MacOSX12.3.sdk;
				SYMROOT = "/Users/adriand/Documents/Dev/Vulkan/Floof-Engine/xcode-build/Libs/openal-soft/utils/alsoft-config/build";
			};
			name = RelWithDebInfo;
		};
		B65604DFFB65488E8B9FAB31 /* MinSizeRel */ = {
			isa = XCBuildConfiguration;
			buildSettings = {
				ARCHS = arm64;
				COMBINE_HIDPI_IMAGES = YES;
				GCC_GENERATE_DEBUGGING_SYMBOLS = YES;
				GCC_INLINES_ARE_PRIVATE_EXTERN = NO;
				GCC_OPTIMIZATION_LEVEL = 0;
				GCC_PREPROCESSOR_DEFINITIONS = ("'CMAKE_INTDIR=\"$(CONFIGURATION)$(EFFECTIVE_PLATFORM_NAME)\"'","$(inherited)");
				GCC_SYMBOLS_PRIVATE_EXTERN = NO;
				INSTALL_PATH = "";
				ONLY_ACTIVE_ARCH = NO;
				OTHER_LDFLAGS = ("","$(inherited)");
				OTHER_REZFLAGS = "";
				PRODUCT_NAME = ALL_BUILD;
				SECTORDER_FLAGS = "";
				SYMROOT = "/Users/adriand/Documents/Dev/Vulkan/Floof-Engine/xcode-build/Libs/openal-soft/utils/alsoft-config";
				USE_HEADERMAP = NO;
				WARNING_CFLAGS = ("$(inherited)");
			};
			name = MinSizeRel;
		};
		BC96B058C3854661AA12340A /* MinSizeRel */ = {
			isa = XCBuildConfiguration;
			buildSettings = {
				ARCHS = arm64;
				COMBINE_HIDPI_IMAGES = YES;
				GCC_GENERATE_DEBUGGING_SYMBOLS = YES;
				GCC_INLINES_ARE_PRIVATE_EXTERN = NO;
				GCC_OPTIMIZATION_LEVEL = 0;
				GCC_PREPROCESSOR_DEFINITIONS = ("'CMAKE_INTDIR=\"$(CONFIGURATION)$(EFFECTIVE_PLATFORM_NAME)\"'","$(inherited)");
				GCC_SYMBOLS_PRIVATE_EXTERN = NO;
				INSTALL_PATH = "";
				ONLY_ACTIVE_ARCH = NO;
				OTHER_LDFLAGS = ("","$(inherited)");
				OTHER_REZFLAGS = "";
				PRODUCT_NAME = ZERO_CHECK;
				SECTORDER_FLAGS = "";
				SYMROOT = "/Users/adriand/Documents/Dev/Vulkan/Floof-Engine/xcode-build/Libs/openal-soft/utils/alsoft-config";
				USE_HEADERMAP = NO;
				WARNING_CFLAGS = ("$(inherited)");
			};
			name = MinSizeRel;
		};
		C1D92E3A0C004FDAA2BD7FAA /* Release */ = {
			isa = XCBuildConfiguration;
			buildSettings = {
				ARCHS = arm64;
				CODE_SIGNING_ALLOWED = NO;
				CODE_SIGNING_REQUIRED = NO;
				SDKROOT = /Applications/Xcode.app/Contents/Developer/Platforms/MacOSX.platform/Developer/SDKs/MacOSX12.3.sdk;
				SYMROOT = "/Users/adriand/Documents/Dev/Vulkan/Floof-Engine/xcode-build/Libs/openal-soft/utils/alsoft-config/build";
			};
			name = Release;
		};
		E1508CE213614759A2F59BD3 /* Release */ = {
			isa = XCBuildConfiguration;
			buildSettings = {
				ARCHS = arm64;
				COMBINE_HIDPI_IMAGES = YES;
				GCC_GENERATE_DEBUGGING_SYMBOLS = YES;
				GCC_INLINES_ARE_PRIVATE_EXTERN = NO;
				GCC_OPTIMIZATION_LEVEL = 0;
				GCC_PREPROCESSOR_DEFINITIONS = ("'CMAKE_INTDIR=\"$(CONFIGURATION)$(EFFECTIVE_PLATFORM_NAME)\"'","$(inherited)");
				GCC_SYMBOLS_PRIVATE_EXTERN = NO;
				INSTALL_PATH = "";
				ONLY_ACTIVE_ARCH = NO;
				OTHER_LDFLAGS = ("","$(inherited)");
				OTHER_REZFLAGS = "";
				PRODUCT_NAME = install;
				SECTORDER_FLAGS = "";
				SYMROOT = "/Users/adriand/Documents/Dev/Vulkan/Floof-Engine/xcode-build/Libs/openal-soft/utils/alsoft-config";
				USE_HEADERMAP = NO;
				WARNING_CFLAGS = ("$(inherited)");
			};
			name = Release;
		};
		E9353E7070F14A97B41F8330 /* MinSizeRel */ = {
			isa = XCBuildConfiguration;
			buildSettings = {
				ARCHS = arm64;
				COMBINE_HIDPI_IMAGES = YES;
				GCC_GENERATE_DEBUGGING_SYMBOLS = YES;
				GCC_INLINES_ARE_PRIVATE_EXTERN = NO;
				GCC_OPTIMIZATION_LEVEL = 0;
				GCC_PREPROCESSOR_DEFINITIONS = ("'CMAKE_INTDIR=\"$(CONFIGURATION)$(EFFECTIVE_PLATFORM_NAME)\"'","$(inherited)");
				GCC_SYMBOLS_PRIVATE_EXTERN = NO;
				INSTALL_PATH = "";
				ONLY_ACTIVE_ARCH = NO;
				OTHER_LDFLAGS = ("","$(inherited)");
				OTHER_REZFLAGS = "";
				PRODUCT_NAME = install;
				SECTORDER_FLAGS = "";
				SYMROOT = "/Users/adriand/Documents/Dev/Vulkan/Floof-Engine/xcode-build/Libs/openal-soft/utils/alsoft-config";
				USE_HEADERMAP = NO;
				WARNING_CFLAGS = ("$(inherited)");
			};
			name = MinSizeRel;
		};
		EB982CB6F26241E2814C24CF /* Debug */ = {
			isa = XCBuildConfiguration;
			buildSettings = {
				ARCHS = arm64;
				COMBINE_HIDPI_IMAGES = YES;
				GCC_GENERATE_DEBUGGING_SYMBOLS = YES;
				GCC_INLINES_ARE_PRIVATE_EXTERN = NO;
				GCC_OPTIMIZATION_LEVEL = 0;
				GCC_PREPROCESSOR_DEFINITIONS = ("'CMAKE_INTDIR=\"$(CONFIGURATION)$(EFFECTIVE_PLATFORM_NAME)\"'","$(inherited)");
				GCC_SYMBOLS_PRIVATE_EXTERN = NO;
				INSTALL_PATH = "";
				ONLY_ACTIVE_ARCH = NO;
				OTHER_LDFLAGS = ("","$(inherited)");
				OTHER_REZFLAGS = "";
				PRODUCT_NAME = ZERO_CHECK;
				SECTORDER_FLAGS = "";
				SYMROOT = "/Users/adriand/Documents/Dev/Vulkan/Floof-Engine/xcode-build/Libs/openal-soft/utils/alsoft-config";
				USE_HEADERMAP = NO;
				WARNING_CFLAGS = ("$(inherited)");
			};
			name = Debug;
		};
/* End XCBuildConfiguration section */

/* Begin XCConfigurationList section */
		BC2F3A7D49BE479C930F6A18 /* Build configuration list for PBXAggregateTarget "ALL_BUILD" */ = {
			isa = XCConfigurationList;
			buildConfigurations = (
				4065DFA25FE54A68BE61551E /* Debug */,
				5613A0776A1E4E3088C83062 /* Release */,
				B65604DFFB65488E8B9FAB31 /* MinSizeRel */,
				061E8424060A4CEEBDBD0B32 /* RelWithDebInfo */,
			);
			defaultConfigurationIsVisible = 0;
			defaultConfigurationName = Debug;
		};
		C362B9345C334EA69471A795 /* Build configuration list for PBXProject "alsoft-config" */ = {
			isa = XCConfigurationList;
			buildConfigurations = (
				28FA842B5AD6424FB5B9F77E /* Debug */,
				C1D92E3A0C004FDAA2BD7FAA /* Release */,
				00A7933A98B640DD9AC00996 /* MinSizeRel */,
				B009974B303945E380BB241B /* RelWithDebInfo */,
			);
			defaultConfigurationIsVisible = 0;
			defaultConfigurationName = Debug;
		};
		CDAF321C2C5241D78F3F71DF /* Build configuration list for PBXAggregateTarget "ZERO_CHECK" */ = {
			isa = XCConfigurationList;
			buildConfigurations = (
				EB982CB6F26241E2814C24CF /* Debug */,
				A09AC856B39743A392B0A44A /* Release */,
				BC96B058C3854661AA12340A /* MinSizeRel */,
				3ABCF460C20D4898A9A6C94D /* RelWithDebInfo */,
			);
			defaultConfigurationIsVisible = 0;
			defaultConfigurationName = Debug;
		};
		F4E4B61BE89546928A6B767C /* Build configuration list for PBXAggregateTarget "install" */ = {
			isa = XCConfigurationList;
			buildConfigurations = (
				8E825B19321C4E3382A8EC5A /* Debug */,
				E1508CE213614759A2F59BD3 /* Release */,
				E9353E7070F14A97B41F8330 /* MinSizeRel */,
				13E76A3CFF66476582D3653B /* RelWithDebInfo */,
			);
			defaultConfigurationIsVisible = 0;
			defaultConfigurationName = Debug;
		};
/* End XCConfigurationList section */
	};
	rootObject = 1967BA12B9A043E09DEF5F91 /* Project object */;
}
