// !$*UTF8*$!
{
	archiveVersion = 1;
	classes = {
	};
	objectVersion = 46;
	objects = {

/* Begin PBXAggregateTarget section */
		041BA11FB1E24491AB3B91B0 /* install */ = {
			isa = PBXAggregateTarget;
			buildConfigurationList = 4D6AEAC0C8B14765B162FDA9 /* Build configuration list for PBXAggregateTarget "install" */;
			buildPhases = (
				93426DA6A4AC2C2AC9CE883C /* CMake PostBuild Rules */,
			);
			dependencies = (
				F919D78265A9451C8F8A0B29 /* PBXTargetDependency */,
			);
			name = install;
			productName = install;
		};
		80021695E8C3439DAC7FEC01 /* update_mappings */ = {
			isa = PBXAggregateTarget;
			buildConfigurationList = 63F122F631C84BE4A946DE7E /* Build configuration list for PBXAggregateTarget "update_mappings" */;
			buildPhases = (
				FA2C1F6408373AE2E7FCEDD9 /* Generate src/CMakeFiles/update_mappings */,
			);
			dependencies = (
			);
			name = update_mappings;
			productName = update_mappings;
		};
		DFBF11FFD4284FB9AD4788F6 /* ZERO_CHECK */ = {
			isa = PBXAggregateTarget;
			buildConfigurationList = 700C6ACF48F74309B1AA79E6 /* Build configuration list for PBXAggregateTarget "ZERO_CHECK" */;
			buildPhases = (
				611BC1A859A8C74890A3F026 /* Generate CMakeFiles/ZERO_CHECK */,
			);
			dependencies = (
			);
			name = ZERO_CHECK;
			productName = ZERO_CHECK;
		};
		E3C9365D227247F383EC20E9 /* uninstall */ = {
			isa = PBXAggregateTarget;
			buildConfigurationList = 41D7E697FE0D4BE786D30A6A /* Build configuration list for PBXAggregateTarget "uninstall" */;
			buildPhases = (
				C3F6C61AF36127975198AA87 /* Generate CMakeFiles/uninstall */,
			);
			dependencies = (
				BF2941846C414B59804F5914 /* PBXTargetDependency */,
			);
			name = uninstall;
			productName = uninstall;
		};
		E6CAFF21C6974B72ACD76ECB /* ALL_BUILD */ = {
			isa = PBXAggregateTarget;
			buildConfigurationList = 9FD577FED275480389E2437D /* Build configuration list for PBXAggregateTarget "ALL_BUILD" */;
			buildPhases = (
				A31869F2780FCF08F48A3775 /* Generate CMakeFiles/ALL_BUILD */,
			);
			dependencies = (
				037975552A7449A39DA7D16F /* PBXTargetDependency */,
				1D97BED26E9A4CCBA5552443 /* PBXTargetDependency */,
			);
			name = ALL_BUILD;
			productName = ALL_BUILD;
		};
/* End PBXAggregateTarget section */

/* Begin PBXBuildFile section */
		041A5EB5C3DC4592A1E9FD56 /* /Users/adriand/Documents/Dev/Vulkan/Floof-Engine/Libs/glfw/src/input.c */ = {isa = PBXBuildFile; fileRef = 5CAA1A7D31ED41F5BED113B4 /* /Users/adriand/Documents/Dev/Vulkan/Floof-Engine/Libs/glfw/src/input.c */; };
		07A40C7DD6294792926EEE79 /* /Users/adriand/Documents/Dev/Vulkan/Floof-Engine/Libs/glfw/src/osmesa_context.c */ = {isa = PBXBuildFile; fileRef = 9EA14239BEFE4825A9065090 /* /Users/adriand/Documents/Dev/Vulkan/Floof-Engine/Libs/glfw/src/osmesa_context.c */; };
		0C8CEDFD257A41F590F27748 /* /Users/adriand/Documents/Dev/Vulkan/Floof-Engine/Libs/glfw/src/monitor.c */ = {isa = PBXBuildFile; fileRef = A7B908515F02436882C4DD2F /* /Users/adriand/Documents/Dev/Vulkan/Floof-Engine/Libs/glfw/src/monitor.c */; };
		1072321556CD4FCC968E8783 /* /Users/adriand/Documents/Dev/Vulkan/Floof-Engine/Libs/glfw/src/cocoa_time.h */ = {isa = PBXBuildFile; fileRef = F3766F9A206C4530AB9E2A37 /* /Users/adriand/Documents/Dev/Vulkan/Floof-Engine/Libs/glfw/src/cocoa_time.h */; };
		149C6641800C426D956AB82F /* /Users/adriand/Documents/Dev/Vulkan/Floof-Engine/Libs/glfw/src/posix_module.c */ = {isa = PBXBuildFile; fileRef = 10516D2203F84C659E24530A /* /Users/adriand/Documents/Dev/Vulkan/Floof-Engine/Libs/glfw/src/posix_module.c */; };
		18518EFF8A414EC6BA699AA4 /* /Users/adriand/Documents/Dev/Vulkan/Floof-Engine/Libs/glfw/src/init.c */ = {isa = PBXBuildFile; fileRef = E3226F40666D4DBA939AFAD1 /* /Users/adriand/Documents/Dev/Vulkan/Floof-Engine/Libs/glfw/src/init.c */; };
		23769A5453FE4B88B623D3B2 /* /Users/adriand/Documents/Dev/Vulkan/Floof-Engine/Libs/glfw/src/null_platform.h */ = {isa = PBXBuildFile; fileRef = 10FDA13584F8443CA61AC18F /* /Users/adriand/Documents/Dev/Vulkan/Floof-Engine/Libs/glfw/src/null_platform.h */; };
		241D7F04018345EEAE2D94D8 /* /Users/adriand/Documents/Dev/Vulkan/Floof-Engine/Libs/glfw/src/platform.c */ = {isa = PBXBuildFile; fileRef = 0F6D0E63427A4CD98F458CFC /* /Users/adriand/Documents/Dev/Vulkan/Floof-Engine/Libs/glfw/src/platform.c */; };
		2B4634627B654816B9B05D98 /* /Users/adriand/Documents/Dev/Vulkan/Floof-Engine/Libs/glfw/src/egl_context.c */ = {isa = PBXBuildFile; fileRef = 9F71E3BDC3A34ECCA66C298E /* /Users/adriand/Documents/Dev/Vulkan/Floof-Engine/Libs/glfw/src/egl_context.c */; };
		33E76B24CDFD4605B4EAE27F /* /Users/adriand/Documents/Dev/Vulkan/Floof-Engine/Libs/glfw/src/null_joystick.c */ = {isa = PBXBuildFile; fileRef = CFAF4821073247D0BB918B00 /* /Users/adriand/Documents/Dev/Vulkan/Floof-Engine/Libs/glfw/src/null_joystick.c */; };
		3642747A674944B991AB81FD /* /Users/adriand/Documents/Dev/Vulkan/Floof-Engine/Libs/glfw/src/null_monitor.c */ = {isa = PBXBuildFile; fileRef = CF84F79B9BC349CAACFF15A4 /* /Users/adriand/Documents/Dev/Vulkan/Floof-Engine/Libs/glfw/src/null_monitor.c */; };
		3B998772A2CB45F698F5BA03 /* /Users/adriand/Documents/Dev/Vulkan/Floof-Engine/Libs/glfw/src/nsgl_context.m */ = {isa = PBXBuildFile; fileRef = 5A154FC1EEDA4464A8E0B8F8 /* /Users/adriand/Documents/Dev/Vulkan/Floof-Engine/Libs/glfw/src/nsgl_context.m */; };
		3E60929745634C62BC82BBB9 /* /Users/adriand/Documents/Dev/Vulkan/Floof-Engine/Libs/glfw/src/CMakeLists.txt */ = {isa = PBXBuildFile; fileRef = BFB79173A6374962A53459E7 /* /Users/adriand/Documents/Dev/Vulkan/Floof-Engine/Libs/glfw/src/CMakeLists.txt */; };
		3EA39FE65CE74E589E9AEDA7 /* /Users/adriand/Documents/Dev/Vulkan/Floof-Engine/Libs/glfw/src/cocoa_monitor.m */ = {isa = PBXBuildFile; fileRef = A03A6A1CC767435892D46B51 /* /Users/adriand/Documents/Dev/Vulkan/Floof-Engine/Libs/glfw/src/cocoa_monitor.m */; };
		4480B6888556452387E6EEC2 /* /Users/adriand/Documents/Dev/Vulkan/Floof-Engine/Libs/glfw/src/window.c */ = {isa = PBXBuildFile; fileRef = AFBD9E4818FD4A8CB893576C /* /Users/adriand/Documents/Dev/Vulkan/Floof-Engine/Libs/glfw/src/window.c */; };
		4B2B0A5C971441A78130D17F /* /Users/adriand/Documents/Dev/Vulkan/Floof-Engine/Libs/glfw/include/GLFW/glfw3.h */ = {isa = PBXBuildFile; fileRef = 53F4A88009AD4AEF81F2F06B /* /Users/adriand/Documents/Dev/Vulkan/Floof-Engine/Libs/glfw/include/GLFW/glfw3.h */; };
		4E1ABBEE89734751AF9CA6BC /* /Users/adriand/Documents/Dev/Vulkan/Floof-Engine/Libs/glfw/src/posix_thread.h */ = {isa = PBXBuildFile; fileRef = 95198609E033485586C493C4 /* /Users/adriand/Documents/Dev/Vulkan/Floof-Engine/Libs/glfw/src/posix_thread.h */; };
		51E2D240015F401C8EAA8AE3 /* /Users/adriand/Documents/Dev/Vulkan/Floof-Engine/Libs/glfw/src/internal.h */ = {isa = PBXBuildFile; fileRef = BDFB19AA633A49F8909C803B /* /Users/adriand/Documents/Dev/Vulkan/Floof-Engine/Libs/glfw/src/internal.h */; };
		535379E44C784688A993800F /* /Users/adriand/Documents/Dev/Vulkan/Floof-Engine/Libs/glfw/src/vulkan.c */ = {isa = PBXBuildFile; fileRef = 9C45076379854FB1B4ADC47E /* /Users/adriand/Documents/Dev/Vulkan/Floof-Engine/Libs/glfw/src/vulkan.c */; };
		5AECB7D965494D898B7AD715 /* /Users/adriand/Documents/Dev/Vulkan/Floof-Engine/Libs/glfw/src/null_init.c */ = {isa = PBXBuildFile; fileRef = 29743E7C0F964BF2B38CFD91 /* /Users/adriand/Documents/Dev/Vulkan/Floof-Engine/Libs/glfw/src/null_init.c */; };
		5E1C479C182740F7AAD00ED4 /* /Users/adriand/Documents/Dev/Vulkan/Floof-Engine/Libs/glfw/src/null_joystick.h */ = {isa = PBXBuildFile; fileRef = 0D43A6949A7B49579C38B51A /* /Users/adriand/Documents/Dev/Vulkan/Floof-Engine/Libs/glfw/src/null_joystick.h */; };
		70E16C0D91A44E7EB6283F5C /* /Users/adriand/Documents/Dev/Vulkan/Floof-Engine/Libs/glfw/src/posix_thread.c */ = {isa = PBXBuildFile; fileRef = 2B2AC4190DF942D28D4D4670 /* /Users/adriand/Documents/Dev/Vulkan/Floof-Engine/Libs/glfw/src/posix_thread.c */; };
		714B042570EF4F5999A7404C /* /Users/adriand/Documents/Dev/Vulkan/Floof-Engine/Libs/glfw/src/cocoa_joystick.h */ = {isa = PBXBuildFile; fileRef = 9DDD2E3617BA4F74B92A1628 /* /Users/adriand/Documents/Dev/Vulkan/Floof-Engine/Libs/glfw/src/cocoa_joystick.h */; };
		7FD9F652ABE24EDEA3D406EC /* /Users/adriand/Documents/Dev/Vulkan/Floof-Engine/Libs/glfw/src/cocoa_joystick.m */ = {isa = PBXBuildFile; fileRef = D70237B54C7B47A78E1E8569 /* /Users/adriand/Documents/Dev/Vulkan/Floof-Engine/Libs/glfw/src/cocoa_joystick.m */; };
		8B4E83B37A384005BB1AF11C /* /Users/adriand/Documents/Dev/Vulkan/Floof-Engine/Libs/glfw/src/mappings.h */ = {isa = PBXBuildFile; fileRef = B53507B23A104C988BDAC8DE /* /Users/adriand/Documents/Dev/Vulkan/Floof-Engine/Libs/glfw/src/mappings.h */; };
		8F5E7919F15C4A299639D641 /* /Users/adriand/Documents/Dev/Vulkan/Floof-Engine/Libs/glfw/src/platform.h */ = {isa = PBXBuildFile; fileRef = 308D12462E5C4C409F30DEC1 /* /Users/adriand/Documents/Dev/Vulkan/Floof-Engine/Libs/glfw/src/platform.h */; };
		9227FE888F3843139715153A /* /Users/adriand/Documents/Dev/Vulkan/Floof-Engine/Libs/glfw/include/GLFW/glfw3native.h */ = {isa = PBXBuildFile; fileRef = 157C70B95B4E4D1F8D99943C /* /Users/adriand/Documents/Dev/Vulkan/Floof-Engine/Libs/glfw/include/GLFW/glfw3native.h */; };
		9C7B8522BA60462E99043F23 /* /Users/adriand/Documents/Dev/Vulkan/Floof-Engine/Libs/glfw/src/cocoa_time.c */ = {isa = PBXBuildFile; fileRef = 7BD6D97A108247B58159E472 /* /Users/adriand/Documents/Dev/Vulkan/Floof-Engine/Libs/glfw/src/cocoa_time.c */; };
		A7AD30BFA52A43E1B381BE47 /* /Users/adriand/Documents/Dev/Vulkan/Floof-Engine/Libs/glfw/src/cocoa_platform.h */ = {isa = PBXBuildFile; fileRef = E4C2F79B0A91475FAA0373F2 /* /Users/adriand/Documents/Dev/Vulkan/Floof-Engine/Libs/glfw/src/cocoa_platform.h */; };
		E5EA0004EB72475F9656A868 /* /Users/adriand/Documents/Dev/Vulkan/Floof-Engine/Libs/glfw/src/context.c */ = {isa = PBXBuildFile; fileRef = 41DC8C78CE814F3D986408F1 /* /Users/adriand/Documents/Dev/Vulkan/Floof-Engine/Libs/glfw/src/context.c */; };
		ED8ECE61E37D418CA861EC84 /* /Users/adriand/Documents/Dev/Vulkan/Floof-Engine/Libs/glfw/src/null_window.c */ = {isa = PBXBuildFile; fileRef = 3153DA238D8946CA985B4555 /* /Users/adriand/Documents/Dev/Vulkan/Floof-Engine/Libs/glfw/src/null_window.c */; };
		EF3C04CA468F4825995FE19E /* /Users/adriand/Documents/Dev/Vulkan/Floof-Engine/Libs/glfw/src/cocoa_init.m */ = {isa = PBXBuildFile; fileRef = 4865CD96AD5D43E68B6830AA /* /Users/adriand/Documents/Dev/Vulkan/Floof-Engine/Libs/glfw/src/cocoa_init.m */; };
		F07E4B48A69147A6B1DAEE86 /* /Users/adriand/Documents/Dev/Vulkan/Floof-Engine/Libs/glfw/src/cocoa_window.m */ = {isa = PBXBuildFile; fileRef = 0EE91D6B7E714E3EB5C94ADC /* /Users/adriand/Documents/Dev/Vulkan/Floof-Engine/Libs/glfw/src/cocoa_window.m */; };
/* End PBXBuildFile section */

/* Begin PBXBuildStyle section */
		69CD8A2E3FEE4DE388C69BC6 /* MinSizeRel */ = {
			isa = PBXBuildStyle;
			buildSettings = {
				COPY_PHASE_STRIP = NO;
			};
			name = MinSizeRel;
		};
		B746A9C29A084859AEBCE67F /* Debug */ = {
			isa = PBXBuildStyle;
			buildSettings = {
				COPY_PHASE_STRIP = NO;
			};
			name = Debug;
		};
		D56C6669C6194E4E80301107 /* Release */ = {
			isa = PBXBuildStyle;
			buildSettings = {
				COPY_PHASE_STRIP = NO;
			};
			name = Release;
		};
		FC492B776D6F4884BB1C8461 /* RelWithDebInfo */ = {
			isa = PBXBuildStyle;
			buildSettings = {
				COPY_PHASE_STRIP = NO;
			};
			name = RelWithDebInfo;
		};
/* End PBXBuildStyle section */

/* Begin PBXContainerItemProxy section */
		4809643367B6497BBE4B2494 /* PBXContainerItemProxy */ = {
			isa = PBXContainerItemProxy;
			containerPortal = F5C35BDCD9834F23BBB6F5C5 /* Project object */;
			proxyType = 1;
			remoteGlobalIDString = E6CAFF21C6974B72ACD76ECB;
			remoteInfo = ALL_BUILD;
		};
		49FA90FEB5E4418FBD495CCF /* PBXContainerItemProxy */ = {
			isa = PBXContainerItemProxy;
			containerPortal = F5C35BDCD9834F23BBB6F5C5 /* Project object */;
			proxyType = 1;
			remoteGlobalIDString = B3756285A5734AC8817C7133;
			remoteInfo = glfw;
		};
		6DDD624A865C49B5AE890F2A /* PBXContainerItemProxy */ = {
			isa = PBXContainerItemProxy;
			containerPortal = F5C35BDCD9834F23BBB6F5C5 /* Project object */;
			proxyType = 1;
			remoteGlobalIDString = DFBF11FFD4284FB9AD4788F6;
			remoteInfo = ZERO_CHECK;
		};
		DA050776DA54441FB21112D4 /* PBXContainerItemProxy */ = {
			isa = PBXContainerItemProxy;
			containerPortal = F5C35BDCD9834F23BBB6F5C5 /* Project object */;
			proxyType = 1;
			remoteGlobalIDString = DFBF11FFD4284FB9AD4788F6;
			remoteInfo = ZERO_CHECK;
		};
/* End PBXContainerItemProxy section */

/* Begin PBXFileReference section */
		0888B6AA5B06407FA1A6BABA /* /Users/adriand/Documents/Dev/Vulkan/Floof-Engine/Libs/glfw/CMakeLists.txt */ = {isa = PBXFileReference; explicitFileType = sourcecode.text; fileEncoding = 4; name = CMakeLists.txt; path = CMakeLists.txt; sourceTree = SOURCE_ROOT; };
		09916284A932406EBD9B1E92 /* /Users/adriand/Documents/Dev/Vulkan/Floof-Engine/Libs/glfw/src/mappings.h.in */ = {isa = PBXFileReference; explicitFileType = sourcecode; fileEncoding = 4; name = mappings.h.in; path = src/mappings.h.in; sourceTree = SOURCE_ROOT; };
		0D43A6949A7B49579C38B51A /* /Users/adriand/Documents/Dev/Vulkan/Floof-Engine/Libs/glfw/src/null_joystick.h */ = {isa = PBXFileReference; explicitFileType = sourcecode.c.h; fileEncoding = 4; name = null_joystick.h; path = src/null_joystick.h; sourceTree = SOURCE_ROOT; };
		0EE91D6B7E714E3EB5C94ADC /* /Users/adriand/Documents/Dev/Vulkan/Floof-Engine/Libs/glfw/src/cocoa_window.m */ = {isa = PBXFileReference; explicitFileType = sourcecode.c.objc; fileEncoding = 4; name = cocoa_window.m; path = src/cocoa_window.m; sourceTree = SOURCE_ROOT; };
		0F6D0E63427A4CD98F458CFC /* /Users/adriand/Documents/Dev/Vulkan/Floof-Engine/Libs/glfw/src/platform.c */ = {isa = PBXFileReference; explicitFileType = sourcecode.c.c; fileEncoding = 4; name = platform.c; path = src/platform.c; sourceTree = SOURCE_ROOT; };
		10516D2203F84C659E24530A /* /Users/adriand/Documents/Dev/Vulkan/Floof-Engine/Libs/glfw/src/posix_module.c */ = {isa = PBXFileReference; explicitFileType = sourcecode.c.c; fileEncoding = 4; name = posix_module.c; path = src/posix_module.c; sourceTree = SOURCE_ROOT; };
		10FDA13584F8443CA61AC18F /* /Users/adriand/Documents/Dev/Vulkan/Floof-Engine/Libs/glfw/src/null_platform.h */ = {isa = PBXFileReference; explicitFileType = sourcecode.c.h; fileEncoding = 4; name = null_platform.h; path = src/null_platform.h; sourceTree = SOURCE_ROOT; };
		157C70B95B4E4D1F8D99943C /* /Users/adriand/Documents/Dev/Vulkan/Floof-Engine/Libs/glfw/include/GLFW/glfw3native.h */ = {isa = PBXFileReference; explicitFileType = sourcecode.c.h; fileEncoding = 4; name = glfw3native.h; path = include/GLFW/glfw3native.h; sourceTree = SOURCE_ROOT; };
		22DF7072A6184875AFF980C0 /* glfw */ = {isa = PBXFileReference; explicitFileType = archive.ar; path = libglfw3.a; sourceTree = BUILT_PRODUCTS_DIR; };
		29743E7C0F964BF2B38CFD91 /* /Users/adriand/Documents/Dev/Vulkan/Floof-Engine/Libs/glfw/src/null_init.c */ = {isa = PBXFileReference; explicitFileType = sourcecode.c.c; fileEncoding = 4; name = null_init.c; path = src/null_init.c; sourceTree = SOURCE_ROOT; };
		2AA27EFC3A4643C0B1755BCB /* /Users/adriand/Documents/Dev/Vulkan/Floof-Engine/Libs/glfw/CMake/GenerateMappings.cmake */ = {isa = PBXFileReference; explicitFileType = sourcecode; fileEncoding = 4; name = GenerateMappings.cmake; path = CMake/GenerateMappings.cmake; sourceTree = SOURCE_ROOT; };
		2B2AC4190DF942D28D4D4670 /* /Users/adriand/Documents/Dev/Vulkan/Floof-Engine/Libs/glfw/src/posix_thread.c */ = {isa = PBXFileReference; explicitFileType = sourcecode.c.c; fileEncoding = 4; name = posix_thread.c; path = src/posix_thread.c; sourceTree = SOURCE_ROOT; };
		308D12462E5C4C409F30DEC1 /* /Users/adriand/Documents/Dev/Vulkan/Floof-Engine/Libs/glfw/src/platform.h */ = {isa = PBXFileReference; explicitFileType = sourcecode.c.h; fileEncoding = 4; name = platform.h; path = src/platform.h; sourceTree = SOURCE_ROOT; };
		3153DA238D8946CA985B4555 /* /Users/adriand/Documents/Dev/Vulkan/Floof-Engine/Libs/glfw/src/null_window.c */ = {isa = PBXFileReference; explicitFileType = sourcecode.c.c; fileEncoding = 4; name = null_window.c; path = src/null_window.c; sourceTree = SOURCE_ROOT; };
		41DC8C78CE814F3D986408F1 /* /Users/adriand/Documents/Dev/Vulkan/Floof-Engine/Libs/glfw/src/context.c */ = {isa = PBXFileReference; explicitFileType = sourcecode.c.c; fileEncoding = 4; name = context.c; path = src/context.c; sourceTree = SOURCE_ROOT; };
		4865CD96AD5D43E68B6830AA /* /Users/adriand/Documents/Dev/Vulkan/Floof-Engine/Libs/glfw/src/cocoa_init.m */ = {isa = PBXFileReference; explicitFileType = sourcecode.c.objc; fileEncoding = 4; name = cocoa_init.m; path = src/cocoa_init.m; sourceTree = SOURCE_ROOT; };
		53F4A88009AD4AEF81F2F06B /* /Users/adriand/Documents/Dev/Vulkan/Floof-Engine/Libs/glfw/include/GLFW/glfw3.h */ = {isa = PBXFileReference; explicitFileType = sourcecode.c.h; fileEncoding = 4; name = glfw3.h; path = include/GLFW/glfw3.h; sourceTree = SOURCE_ROOT; };
		5A154FC1EEDA4464A8E0B8F8 /* /Users/adriand/Documents/Dev/Vulkan/Floof-Engine/Libs/glfw/src/nsgl_context.m */ = {isa = PBXFileReference; explicitFileType = sourcecode.c.objc; fileEncoding = 4; name = nsgl_context.m; path = src/nsgl_context.m; sourceTree = SOURCE_ROOT; };
		5CAA1A7D31ED41F5BED113B4 /* /Users/adriand/Documents/Dev/Vulkan/Floof-Engine/Libs/glfw/src/input.c */ = {isa = PBXFileReference; explicitFileType = sourcecode.c.c; fileEncoding = 4; name = input.c; path = src/input.c; sourceTree = SOURCE_ROOT; };
		7BD6D97A108247B58159E472 /* /Users/adriand/Documents/Dev/Vulkan/Floof-Engine/Libs/glfw/src/cocoa_time.c */ = {isa = PBXFileReference; explicitFileType = sourcecode.c.c; fileEncoding = 4; name = cocoa_time.c; path = src/cocoa_time.c; sourceTree = SOURCE_ROOT; };
		95198609E033485586C493C4 /* /Users/adriand/Documents/Dev/Vulkan/Floof-Engine/Libs/glfw/src/posix_thread.h */ = {isa = PBXFileReference; explicitFileType = sourcecode.c.h; fileEncoding = 4; name = posix_thread.h; path = src/posix_thread.h; sourceTree = SOURCE_ROOT; };
		9C45076379854FB1B4ADC47E /* /Users/adriand/Documents/Dev/Vulkan/Floof-Engine/Libs/glfw/src/vulkan.c */ = {isa = PBXFileReference; explicitFileType = sourcecode.c.c; fileEncoding = 4; name = vulkan.c; path = src/vulkan.c; sourceTree = SOURCE_ROOT; };
		9DDD2E3617BA4F74B92A1628 /* /Users/adriand/Documents/Dev/Vulkan/Floof-Engine/Libs/glfw/src/cocoa_joystick.h */ = {isa = PBXFileReference; explicitFileType = sourcecode.c.h; fileEncoding = 4; name = cocoa_joystick.h; path = src/cocoa_joystick.h; sourceTree = SOURCE_ROOT; };
		9EA14239BEFE4825A9065090 /* /Users/adriand/Documents/Dev/Vulkan/Floof-Engine/Libs/glfw/src/osmesa_context.c */ = {isa = PBXFileReference; explicitFileType = sourcecode.c.c; fileEncoding = 4; name = osmesa_context.c; path = src/osmesa_context.c; sourceTree = SOURCE_ROOT; };
		9F71E3BDC3A34ECCA66C298E /* /Users/adriand/Documents/Dev/Vulkan/Floof-Engine/Libs/glfw/src/egl_context.c */ = {isa = PBXFileReference; explicitFileType = sourcecode.c.c; fileEncoding = 4; name = egl_context.c; path = src/egl_context.c; sourceTree = SOURCE_ROOT; };
		A03A6A1CC767435892D46B51 /* /Users/adriand/Documents/Dev/Vulkan/Floof-Engine/Libs/glfw/src/cocoa_monitor.m */ = {isa = PBXFileReference; explicitFileType = sourcecode.c.objc; fileEncoding = 4; name = cocoa_monitor.m; path = src/cocoa_monitor.m; sourceTree = SOURCE_ROOT; };
		A7B908515F02436882C4DD2F /* /Users/adriand/Documents/Dev/Vulkan/Floof-Engine/Libs/glfw/src/monitor.c */ = {isa = PBXFileReference; explicitFileType = sourcecode.c.c; fileEncoding = 4; name = monitor.c; path = src/monitor.c; sourceTree = SOURCE_ROOT; };
		AFBD9E4818FD4A8CB893576C /* /Users/adriand/Documents/Dev/Vulkan/Floof-Engine/Libs/glfw/src/window.c */ = {isa = PBXFileReference; explicitFileType = sourcecode.c.c; fileEncoding = 4; name = window.c; path = src/window.c; sourceTree = SOURCE_ROOT; };
		B53507B23A104C988BDAC8DE /* /Users/adriand/Documents/Dev/Vulkan/Floof-Engine/Libs/glfw/src/mappings.h */ = {isa = PBXFileReference; explicitFileType = sourcecode.c.h; fileEncoding = 4; name = mappings.h; path = src/mappings.h; sourceTree = SOURCE_ROOT; };
		BDFB19AA633A49F8909C803B /* /Users/adriand/Documents/Dev/Vulkan/Floof-Engine/Libs/glfw/src/internal.h */ = {isa = PBXFileReference; explicitFileType = sourcecode.c.h; fileEncoding = 4; name = internal.h; path = src/internal.h; sourceTree = SOURCE_ROOT; };
		BFB79173A6374962A53459E7 /* /Users/adriand/Documents/Dev/Vulkan/Floof-Engine/Libs/glfw/src/CMakeLists.txt */ = {isa = PBXFileReference; explicitFileType = sourcecode.text; fileEncoding = 4; name = CMakeLists.txt; path = src/CMakeLists.txt; sourceTree = SOURCE_ROOT; };
		CF84F79B9BC349CAACFF15A4 /* /Users/adriand/Documents/Dev/Vulkan/Floof-Engine/Libs/glfw/src/null_monitor.c */ = {isa = PBXFileReference; explicitFileType = sourcecode.c.c; fileEncoding = 4; name = null_monitor.c; path = src/null_monitor.c; sourceTree = SOURCE_ROOT; };
		CFAF4821073247D0BB918B00 /* /Users/adriand/Documents/Dev/Vulkan/Floof-Engine/Libs/glfw/src/null_joystick.c */ = {isa = PBXFileReference; explicitFileType = sourcecode.c.c; fileEncoding = 4; name = null_joystick.c; path = src/null_joystick.c; sourceTree = SOURCE_ROOT; };
		D70237B54C7B47A78E1E8569 /* /Users/adriand/Documents/Dev/Vulkan/Floof-Engine/Libs/glfw/src/cocoa_joystick.m */ = {isa = PBXFileReference; explicitFileType = sourcecode.c.objc; fileEncoding = 4; name = cocoa_joystick.m; path = src/cocoa_joystick.m; sourceTree = SOURCE_ROOT; };
		E3226F40666D4DBA939AFAD1 /* /Users/adriand/Documents/Dev/Vulkan/Floof-Engine/Libs/glfw/src/init.c */ = {isa = PBXFileReference; explicitFileType = sourcecode.c.c; fileEncoding = 4; name = init.c; path = src/init.c; sourceTree = SOURCE_ROOT; };
		E4C2F79B0A91475FAA0373F2 /* /Users/adriand/Documents/Dev/Vulkan/Floof-Engine/Libs/glfw/src/cocoa_platform.h */ = {isa = PBXFileReference; explicitFileType = sourcecode.c.h; fileEncoding = 4; name = cocoa_platform.h; path = src/cocoa_platform.h; sourceTree = SOURCE_ROOT; };
		F3766F9A206C4530AB9E2A37 /* /Users/adriand/Documents/Dev/Vulkan/Floof-Engine/Libs/glfw/src/cocoa_time.h */ = {isa = PBXFileReference; explicitFileType = sourcecode.c.h; fileEncoding = 4; name = cocoa_time.h; path = src/cocoa_time.h; sourceTree = SOURCE_ROOT; };
		F79D989F663045219FB8798D /* /Users/adriand/Documents/Dev/Vulkan/Floof-Engine/Libs/glfw/CMakeLists.txt */ = {isa = PBXFileReference; explicitFileType = sourcecode.text; fileEncoding = 4; name = CMakeLists.txt; path = CMakeLists.txt; sourceTree = SOURCE_ROOT; };
		F91ED961D3D740EF9EA80C4D /* /Users/adriand/Documents/Dev/Vulkan/Floof-Engine/Libs/glfw/src/CMakeLists.txt */ = {isa = PBXFileReference; explicitFileType = sourcecode.text; fileEncoding = 4; name = CMakeLists.txt; path = src/CMakeLists.txt; sourceTree = SOURCE_ROOT; };
/* End PBXFileReference section */

/* Begin PBXFrameworksBuildPhase section */
		D579A5DC0AB94BB6BBB233FD /* Frameworks */ = {
			isa = PBXFrameworksBuildPhase;
			buildActionMask = 2147483647;
			files = (
			);
			runOnlyForDeploymentPostprocessing = 0;
		};
/* End PBXFrameworksBuildPhase section */

/* Begin PBXGroup section */
		01567613DDC64F5BB82C90F2 /* GLFW3 */ = {
			isa = PBXGroup;
			children = (
				573032BF793C4D97A395B725 /* uninstall */,
				DC1F2E32B9774E1A8707C8D2 /* glfw */,
				5CFF72B2734C4E48A66093B5 /* update_mappings */,
			);
			name = GLFW3;
			sourceTree = "<group>";
		};
		06FC9488978748E1B3C83241 = {
			isa = PBXGroup;
			children = (
				01567613DDC64F5BB82C90F2 /* GLFW3 */,
				6984082B2BD349409D76D271 /* ALL_BUILD */,
				0F7AEEB7495D4D08880D82AE /* Products */,
				5BD9061560C64C059C313B1F /* Frameworks */,
			);
			sourceTree = "<group>";
		};
		0F7AEEB7495D4D08880D82AE /* Products */ = {
			isa = PBXGroup;
			children = (
				22DF7072A6184875AFF980C0 /* glfw */,
			);
			name = Products;
			sourceTree = "<group>";
		};
		573032BF793C4D97A395B725 /* uninstall */ = {
			isa = PBXGroup;
			children = (
				AEA3249BF1264D808F743BC2 /* CMake Rules */,
				F79D989F663045219FB8798D /* /Users/adriand/Documents/Dev/Vulkan/Floof-Engine/Libs/glfw/CMakeLists.txt */,
			);
			name = uninstall;
			sourceTree = "<group>";
		};
		5BD9061560C64C059C313B1F /* Frameworks */ = {
			isa = PBXGroup;
			children = (
			);
			name = Frameworks;
			sourceTree = "<group>";
		};
		5CFF72B2734C4E48A66093B5 /* update_mappings */ = {
			isa = PBXGroup;
			children = (
				6254AC3BF924477E8E96CD5F /* Header Files */,
				E641B42872004DCA9A59C6ED /* CMake Rules */,
				2AA27EFC3A4643C0B1755BCB /* /Users/adriand/Documents/Dev/Vulkan/Floof-Engine/Libs/glfw/CMake/GenerateMappings.cmake */,
				F91ED961D3D740EF9EA80C4D /* /Users/adriand/Documents/Dev/Vulkan/Floof-Engine/Libs/glfw/src/CMakeLists.txt */,
			);
			name = update_mappings;
			sourceTree = "<group>";
		};
		6254AC3BF924477E8E96CD5F /* Header Files */ = {
			isa = PBXGroup;
			children = (
				09916284A932406EBD9B1E92 /* /Users/adriand/Documents/Dev/Vulkan/Floof-Engine/Libs/glfw/src/mappings.h.in */,
			);
			name = "Header Files";
			sourceTree = "<group>";
		};
		6984082B2BD349409D76D271 /* ALL_BUILD */ = {
			isa = PBXGroup;
			children = (
				9006F6071184474CB19B2B9B /* CMake Rules */,
				0888B6AA5B06407FA1A6BABA /* /Users/adriand/Documents/Dev/Vulkan/Floof-Engine/Libs/glfw/CMakeLists.txt */,
			);
			name = ALL_BUILD;
			sourceTree = "<group>";
		};
		9006F6071184474CB19B2B9B /* CMake Rules */ = {
			isa = PBXGroup;
			children = (
			);
			name = "CMake Rules";
			sourceTree = "<group>";
		};
		AEA3249BF1264D808F743BC2 /* CMake Rules */ = {
			isa = PBXGroup;
			children = (
			);
			name = "CMake Rules";
			sourceTree = "<group>";
		};
		BA2265EDEE87459A888A232F /* Header Files */ = {
			isa = PBXGroup;
			children = (
				53F4A88009AD4AEF81F2F06B /* /Users/adriand/Documents/Dev/Vulkan/Floof-Engine/Libs/glfw/include/GLFW/glfw3.h */,
				157C70B95B4E4D1F8D99943C /* /Users/adriand/Documents/Dev/Vulkan/Floof-Engine/Libs/glfw/include/GLFW/glfw3native.h */,
				9DDD2E3617BA4F74B92A1628 /* /Users/adriand/Documents/Dev/Vulkan/Floof-Engine/Libs/glfw/src/cocoa_joystick.h */,
				E4C2F79B0A91475FAA0373F2 /* /Users/adriand/Documents/Dev/Vulkan/Floof-Engine/Libs/glfw/src/cocoa_platform.h */,
				F3766F9A206C4530AB9E2A37 /* /Users/adriand/Documents/Dev/Vulkan/Floof-Engine/Libs/glfw/src/cocoa_time.h */,
				BDFB19AA633A49F8909C803B /* /Users/adriand/Documents/Dev/Vulkan/Floof-Engine/Libs/glfw/src/internal.h */,
				B53507B23A104C988BDAC8DE /* /Users/adriand/Documents/Dev/Vulkan/Floof-Engine/Libs/glfw/src/mappings.h */,
				0D43A6949A7B49579C38B51A /* /Users/adriand/Documents/Dev/Vulkan/Floof-Engine/Libs/glfw/src/null_joystick.h */,
				10FDA13584F8443CA61AC18F /* /Users/adriand/Documents/Dev/Vulkan/Floof-Engine/Libs/glfw/src/null_platform.h */,
				308D12462E5C4C409F30DEC1 /* /Users/adriand/Documents/Dev/Vulkan/Floof-Engine/Libs/glfw/src/platform.h */,
				95198609E033485586C493C4 /* /Users/adriand/Documents/Dev/Vulkan/Floof-Engine/Libs/glfw/src/posix_thread.h */,
			);
			name = "Header Files";
			sourceTree = "<group>";
		};
		BA9FD9358D3F4DB982E01362 /* Source Files */ = {
			isa = PBXGroup;
			children = (
				4865CD96AD5D43E68B6830AA /* /Users/adriand/Documents/Dev/Vulkan/Floof-Engine/Libs/glfw/src/cocoa_init.m */,
				D70237B54C7B47A78E1E8569 /* /Users/adriand/Documents/Dev/Vulkan/Floof-Engine/Libs/glfw/src/cocoa_joystick.m */,
				A03A6A1CC767435892D46B51 /* /Users/adriand/Documents/Dev/Vulkan/Floof-Engine/Libs/glfw/src/cocoa_monitor.m */,
				7BD6D97A108247B58159E472 /* /Users/adriand/Documents/Dev/Vulkan/Floof-Engine/Libs/glfw/src/cocoa_time.c */,
				0EE91D6B7E714E3EB5C94ADC /* /Users/adriand/Documents/Dev/Vulkan/Floof-Engine/Libs/glfw/src/cocoa_window.m */,
				41DC8C78CE814F3D986408F1 /* /Users/adriand/Documents/Dev/Vulkan/Floof-Engine/Libs/glfw/src/context.c */,
				9F71E3BDC3A34ECCA66C298E /* /Users/adriand/Documents/Dev/Vulkan/Floof-Engine/Libs/glfw/src/egl_context.c */,
				E3226F40666D4DBA939AFAD1 /* /Users/adriand/Documents/Dev/Vulkan/Floof-Engine/Libs/glfw/src/init.c */,
				5CAA1A7D31ED41F5BED113B4 /* /Users/adriand/Documents/Dev/Vulkan/Floof-Engine/Libs/glfw/src/input.c */,
				A7B908515F02436882C4DD2F /* /Users/adriand/Documents/Dev/Vulkan/Floof-Engine/Libs/glfw/src/monitor.c */,
				5A154FC1EEDA4464A8E0B8F8 /* /Users/adriand/Documents/Dev/Vulkan/Floof-Engine/Libs/glfw/src/nsgl_context.m */,
				29743E7C0F964BF2B38CFD91 /* /Users/adriand/Documents/Dev/Vulkan/Floof-Engine/Libs/glfw/src/null_init.c */,
				CFAF4821073247D0BB918B00 /* /Users/adriand/Documents/Dev/Vulkan/Floof-Engine/Libs/glfw/src/null_joystick.c */,
				CF84F79B9BC349CAACFF15A4 /* /Users/adriand/Documents/Dev/Vulkan/Floof-Engine/Libs/glfw/src/null_monitor.c */,
				3153DA238D8946CA985B4555 /* /Users/adriand/Documents/Dev/Vulkan/Floof-Engine/Libs/glfw/src/null_window.c */,
				9EA14239BEFE4825A9065090 /* /Users/adriand/Documents/Dev/Vulkan/Floof-Engine/Libs/glfw/src/osmesa_context.c */,
				0F6D0E63427A4CD98F458CFC /* /Users/adriand/Documents/Dev/Vulkan/Floof-Engine/Libs/glfw/src/platform.c */,
				10516D2203F84C659E24530A /* /Users/adriand/Documents/Dev/Vulkan/Floof-Engine/Libs/glfw/src/posix_module.c */,
				2B2AC4190DF942D28D4D4670 /* /Users/adriand/Documents/Dev/Vulkan/Floof-Engine/Libs/glfw/src/posix_thread.c */,
				9C45076379854FB1B4ADC47E /* /Users/adriand/Documents/Dev/Vulkan/Floof-Engine/Libs/glfw/src/vulkan.c */,
				AFBD9E4818FD4A8CB893576C /* /Users/adriand/Documents/Dev/Vulkan/Floof-Engine/Libs/glfw/src/window.c */,
			);
			name = "Source Files";
			sourceTree = "<group>";
		};
		DC1F2E32B9774E1A8707C8D2 /* glfw */ = {
			isa = PBXGroup;
			children = (
				BA2265EDEE87459A888A232F /* Header Files */,
				BA9FD9358D3F4DB982E01362 /* Source Files */,
				BFB79173A6374962A53459E7 /* /Users/adriand/Documents/Dev/Vulkan/Floof-Engine/Libs/glfw/src/CMakeLists.txt */,
			);
			name = glfw;
			sourceTree = "<group>";
		};
		E641B42872004DCA9A59C6ED /* CMake Rules */ = {
			isa = PBXGroup;
			children = (
			);
			name = "CMake Rules";
			sourceTree = "<group>";
		};
/* End PBXGroup section */

/* Begin PBXNativeTarget section */
		B3756285A5734AC8817C7133 /* glfw */ = {
			isa = PBXNativeTarget;
			buildConfigurationList = 91839D72AC7247C69766CCC7 /* Build configuration list for PBXNativeTarget "glfw" */;
			buildPhases = (
				11F20588708B4ABE86A377C4 /* Sources */,
				D579A5DC0AB94BB6BBB233FD /* Frameworks */,
			);
			buildRules = (
			);
			dependencies = (
			);
			name = glfw;
			productName = glfw;
			productReference = 22DF7072A6184875AFF980C0 /* glfw */;
			productType = "com.apple.product-type.library.static";
		};
/* End PBXNativeTarget section */

/* Begin PBXProject section */
		F5C35BDCD9834F23BBB6F5C5 /* Project object */ = {
			isa = PBXProject;
			attributes = {
				BuildIndependentTargetsInParallel = YES;
				LastUpgradeCheck = 1400;
			};
			buildConfigurationList = 82B79A1AD91144C9AAD015A3 /* Build configuration list for PBXProject "GLFW" */;
			buildSettings = {
			};
			buildStyles = (
				B746A9C29A084859AEBCE67F /* Debug */,
				D56C6669C6194E4E80301107 /* Release */,
				69CD8A2E3FEE4DE388C69BC6 /* MinSizeRel */,
				FC492B776D6F4884BB1C8461 /* RelWithDebInfo */,
			);
			compatibilityVersion = "Xcode 3.2";
			hasScannedForEncodings = 0;
			mainGroup = 06FC9488978748E1B3C83241;
			projectDirPath = "/Users/adriand/Documents/Dev/Vulkan/Floof-Engine/Libs/glfw";
			projectRoot = "";
			targets = (
				E6CAFF21C6974B72ACD76ECB /* ALL_BUILD */,
				DFBF11FFD4284FB9AD4788F6 /* ZERO_CHECK */,
				B3756285A5734AC8817C7133 /* glfw */,
				041BA11FB1E24491AB3B91B0 /* install */,
				E3C9365D227247F383EC20E9 /* uninstall */,
				80021695E8C3439DAC7FEC01 /* update_mappings */,
			);
		};
/* End PBXProject section */

/* Begin PBXShellScriptBuildPhase section */
		3C0110FC8322DE7E50886E21 = {
			isa = PBXShellScriptBuildPhase;
			buildActionMask = 2147483647;
			files = (
			);
			inputPaths = (
			);
			outputPaths = (
			);
			runOnlyForDeploymentPostprocessing = 0;
			shellPath = /bin/sh;
			shellScript = "# shell script goes here
exit 0";
			showEnvVarsInLog = 0;
		};
		3C8B9B9628600475EB03CBF8 = {
			isa = PBXShellScriptBuildPhase;
			buildActionMask = 2147483647;
			files = (
			);
			inputPaths = (
			);
			outputPaths = (
			);
			runOnlyForDeploymentPostprocessing = 0;
			shellPath = /bin/sh;
			shellScript = "# shell script goes here
exit 0";
			showEnvVarsInLog = 0;
		};
		611BC1A859A8C74890A3F026 /* Generate CMakeFiles/ZERO_CHECK */ = {
			isa = PBXShellScriptBuildPhase;
			alwaysOutOfDate = 1;
			buildActionMask = 2147483647;
			files = (
			);
			inputPaths = (
			);
			name = "Generate CMakeFiles/ZERO_CHECK";
			outputPaths = (
"/Users/adriand/Documents/Dev/Vulkan/Floof-Engine/xcode-build/Libs/glfw/CMakeFiles/ZERO_CHECK"			);
			runOnlyForDeploymentPostprocessing = 0;
			shellPath = /bin/sh;
			shellScript = "set -e
if test \"$CONFIGURATION\" = \"Debug\"; then :
  cd /Users/adriand/Documents/Dev/Vulkan/Floof-Engine/xcode-build/Libs/glfw
  make -f /Users/adriand/Documents/Dev/Vulkan/Floof-Engine/xcode-build/Libs/glfw/CMakeScripts/ReRunCMake.make
fi
if test \"$CONFIGURATION\" = \"Release\"; then :
  cd /Users/adriand/Documents/Dev/Vulkan/Floof-Engine/xcode-build/Libs/glfw
  make -f /Users/adriand/Documents/Dev/Vulkan/Floof-Engine/xcode-build/Libs/glfw/CMakeScripts/ReRunCMake.make
fi
if test \"$CONFIGURATION\" = \"MinSizeRel\"; then :
  cd /Users/adriand/Documents/Dev/Vulkan/Floof-Engine/xcode-build/Libs/glfw
  make -f /Users/adriand/Documents/Dev/Vulkan/Floof-Engine/xcode-build/Libs/glfw/CMakeScripts/ReRunCMake.make
fi
if test \"$CONFIGURATION\" = \"RelWithDebInfo\"; then :
  cd /Users/adriand/Documents/Dev/Vulkan/Floof-Engine/xcode-build/Libs/glfw
  make -f /Users/adriand/Documents/Dev/Vulkan/Floof-Engine/xcode-build/Libs/glfw/CMakeScripts/ReRunCMake.make
fi
";
			showEnvVarsInLog = 0;
		};
		87AF4882E018677E2624B544 = {
			isa = PBXShellScriptBuildPhase;
			buildActionMask = 2147483647;
			files = (
			);
			inputPaths = (
			);
			outputPaths = (
			);
			runOnlyForDeploymentPostprocessing = 0;
			shellPath = /bin/sh;
			shellScript = "# shell script goes here
exit 0";
			showEnvVarsInLog = 0;
		};
		93426DA6A4AC2C2AC9CE883C /* CMake PostBuild Rules */ = {
			isa = PBXShellScriptBuildPhase;
			alwaysOutOfDate = 1;
			buildActionMask = 2147483647;
			files = (
			);
			name = "CMake PostBuild Rules";
			outputPaths = (
			);
			runOnlyForDeploymentPostprocessing = 0;
			shellPath = /bin/sh;
			shellScript = "set -e
if test \"$CONFIGURATION\" = \"Debug\"; then :
  cd /Users/adriand/Documents/Dev/Vulkan/Floof-Engine/xcode-build/Libs/glfw
  /opt/homebrew/Cellar/cmake/3.24.2/bin/cmake -DBUILD_TYPE=$CONFIGURATION$EFFECTIVE_PLATFORM_NAME -P cmake_install.cmake
fi
if test \"$CONFIGURATION\" = \"Release\"; then :
  cd /Users/adriand/Documents/Dev/Vulkan/Floof-Engine/xcode-build/Libs/glfw
  /opt/homebrew/Cellar/cmake/3.24.2/bin/cmake -DBUILD_TYPE=$CONFIGURATION$EFFECTIVE_PLATFORM_NAME -P cmake_install.cmake
fi
if test \"$CONFIGURATION\" = \"MinSizeRel\"; then :
  cd /Users/adriand/Documents/Dev/Vulkan/Floof-Engine/xcode-build/Libs/glfw
  /opt/homebrew/Cellar/cmake/3.24.2/bin/cmake -DBUILD_TYPE=$CONFIGURATION$EFFECTIVE_PLATFORM_NAME -P cmake_install.cmake
fi
if test \"$CONFIGURATION\" = \"RelWithDebInfo\"; then :
  cd /Users/adriand/Documents/Dev/Vulkan/Floof-Engine/xcode-build/Libs/glfw
  /opt/homebrew/Cellar/cmake/3.24.2/bin/cmake -DBUILD_TYPE=$CONFIGURATION$EFFECTIVE_PLATFORM_NAME -P cmake_install.cmake
fi
";
			showEnvVarsInLog = 0;
		};
		9B50530E35CC49C82C2FACCF = {
			isa = PBXShellScriptBuildPhase;
			buildActionMask = 2147483647;
			files = (
			);
			inputPaths = (
			);
			outputPaths = (
			);
			runOnlyForDeploymentPostprocessing = 0;
			shellPath = /bin/sh;
			shellScript = "# shell script goes here
exit 0";
			showEnvVarsInLog = 0;
		};
		A31869F2780FCF08F48A3775 /* Generate CMakeFiles/ALL_BUILD */ = {
			isa = PBXShellScriptBuildPhase;
			alwaysOutOfDate = 1;
			buildActionMask = 2147483647;
			files = (
			);
			inputPaths = (
			);
			name = "Generate CMakeFiles/ALL_BUILD";
			outputPaths = (
"/Users/adriand/Documents/Dev/Vulkan/Floof-Engine/xcode-build/Libs/glfw/CMakeFiles/ALL_BUILD"			);
			runOnlyForDeploymentPostprocessing = 0;
			shellPath = /bin/sh;
			shellScript = "set -e
if test \"$CONFIGURATION\" = \"Debug\"; then :
  cd /Users/adriand/Documents/Dev/Vulkan/Floof-Engine/xcode-build/Libs/glfw
  echo Build\\ all\\ projects
fi
if test \"$CONFIGURATION\" = \"Release\"; then :
  cd /Users/adriand/Documents/Dev/Vulkan/Floof-Engine/xcode-build/Libs/glfw
  echo Build\\ all\\ projects
fi
if test \"$CONFIGURATION\" = \"MinSizeRel\"; then :
  cd /Users/adriand/Documents/Dev/Vulkan/Floof-Engine/xcode-build/Libs/glfw
  echo Build\\ all\\ projects
fi
if test \"$CONFIGURATION\" = \"RelWithDebInfo\"; then :
  cd /Users/adriand/Documents/Dev/Vulkan/Floof-Engine/xcode-build/Libs/glfw
  echo Build\\ all\\ projects
fi
";
			showEnvVarsInLog = 0;
		};
		C3F6C61AF36127975198AA87 /* Generate CMakeFiles/uninstall */ = {
			isa = PBXShellScriptBuildPhase;
			alwaysOutOfDate = 1;
			buildActionMask = 2147483647;
			files = (
			);
			inputPaths = (
			);
			name = "Generate CMakeFiles/uninstall";
			outputPaths = (
"/Users/adriand/Documents/Dev/Vulkan/Floof-Engine/xcode-build/Libs/glfw/CMakeFiles/uninstall"			);
			runOnlyForDeploymentPostprocessing = 0;
			shellPath = /bin/sh;
			shellScript = "set -e
if test \"$CONFIGURATION\" = \"Debug\"; then :
  cd /Users/adriand/Documents/Dev/Vulkan/Floof-Engine/xcode-build/Libs/glfw
  /opt/homebrew/Cellar/cmake/3.24.2/bin/cmake -P /Users/adriand/Documents/Dev/Vulkan/Floof-Engine/xcode-build/Libs/glfw/cmake_uninstall.cmake
fi
if test \"$CONFIGURATION\" = \"Release\"; then :
  cd /Users/adriand/Documents/Dev/Vulkan/Floof-Engine/xcode-build/Libs/glfw
  /opt/homebrew/Cellar/cmake/3.24.2/bin/cmake -P /Users/adriand/Documents/Dev/Vulkan/Floof-Engine/xcode-build/Libs/glfw/cmake_uninstall.cmake
fi
if test \"$CONFIGURATION\" = \"MinSizeRel\"; then :
  cd /Users/adriand/Documents/Dev/Vulkan/Floof-Engine/xcode-build/Libs/glfw
  /opt/homebrew/Cellar/cmake/3.24.2/bin/cmake -P /Users/adriand/Documents/Dev/Vulkan/Floof-Engine/xcode-build/Libs/glfw/cmake_uninstall.cmake
fi
if test \"$CONFIGURATION\" = \"RelWithDebInfo\"; then :
  cd /Users/adriand/Documents/Dev/Vulkan/Floof-Engine/xcode-build/Libs/glfw
  /opt/homebrew/Cellar/cmake/3.24.2/bin/cmake -P /Users/adriand/Documents/Dev/Vulkan/Floof-Engine/xcode-build/Libs/glfw/cmake_uninstall.cmake
fi
";
			showEnvVarsInLog = 0;
		};
		EF220574C043FA76D2683574 = {
			isa = PBXShellScriptBuildPhase;
			buildActionMask = 2147483647;
			files = (
			);
			inputPaths = (
			);
			outputPaths = (
			);
			runOnlyForDeploymentPostprocessing = 0;
			shellPath = /bin/sh;
			shellScript = "# shell script goes here
exit 0";
			showEnvVarsInLog = 0;
		};
		FA2C1F6408373AE2E7FCEDD9 /* Generate src/CMakeFiles/update_mappings */ = {
			isa = PBXShellScriptBuildPhase;
			alwaysOutOfDate = 1;
			buildActionMask = 2147483647;
			files = (
			);
			inputPaths = (
			);
			name = "Generate src/CMakeFiles/update_mappings";
			outputPaths = (
"/Users/adriand/Documents/Dev/Vulkan/Floof-Engine/xcode-build/Libs/glfw/src/CMakeFiles/update_mappings"			);
			runOnlyForDeploymentPostprocessing = 0;
			shellPath = /bin/sh;
			shellScript = "set -e
if test \"$CONFIGURATION\" = \"Debug\"; then :
  cd /Users/adriand/Documents/Dev/Vulkan/Floof-Engine/Libs/glfw/src
  /opt/homebrew/Cellar/cmake/3.24.2/bin/cmake -P /Users/adriand/Documents/Dev/Vulkan/Floof-Engine/Libs/glfw/CMake/GenerateMappings.cmake mappings.h.in mappings.h
fi
if test \"$CONFIGURATION\" = \"Release\"; then :
  cd /Users/adriand/Documents/Dev/Vulkan/Floof-Engine/Libs/glfw/src
  /opt/homebrew/Cellar/cmake/3.24.2/bin/cmake -P /Users/adriand/Documents/Dev/Vulkan/Floof-Engine/Libs/glfw/CMake/GenerateMappings.cmake mappings.h.in mappings.h
fi
if test \"$CONFIGURATION\" = \"MinSizeRel\"; then :
  cd /Users/adriand/Documents/Dev/Vulkan/Floof-Engine/Libs/glfw/src
  /opt/homebrew/Cellar/cmake/3.24.2/bin/cmake -P /Users/adriand/Documents/Dev/Vulkan/Floof-Engine/Libs/glfw/CMake/GenerateMappings.cmake mappings.h.in mappings.h
fi
if test \"$CONFIGURATION\" = \"RelWithDebInfo\"; then :
  cd /Users/adriand/Documents/Dev/Vulkan/Floof-Engine/Libs/glfw/src
  /opt/homebrew/Cellar/cmake/3.24.2/bin/cmake -P /Users/adriand/Documents/Dev/Vulkan/Floof-Engine/Libs/glfw/CMake/GenerateMappings.cmake mappings.h.in mappings.h
fi
";
			showEnvVarsInLog = 0;
		};
/* End PBXShellScriptBuildPhase section */

/* Begin PBXSourcesBuildPhase section */
		11F20588708B4ABE86A377C4 /* Sources */ = {
			isa = PBXSourcesBuildPhase;
			buildActionMask = 2147483647;
			files = (
				EF3C04CA468F4825995FE19E /* /Users/adriand/Documents/Dev/Vulkan/Floof-Engine/Libs/glfw/src/cocoa_init.m */,
				7FD9F652ABE24EDEA3D406EC /* /Users/adriand/Documents/Dev/Vulkan/Floof-Engine/Libs/glfw/src/cocoa_joystick.m */,
				3EA39FE65CE74E589E9AEDA7 /* /Users/adriand/Documents/Dev/Vulkan/Floof-Engine/Libs/glfw/src/cocoa_monitor.m */,
				9C7B8522BA60462E99043F23 /* /Users/adriand/Documents/Dev/Vulkan/Floof-Engine/Libs/glfw/src/cocoa_time.c */,
				F07E4B48A69147A6B1DAEE86 /* /Users/adriand/Documents/Dev/Vulkan/Floof-Engine/Libs/glfw/src/cocoa_window.m */,
				E5EA0004EB72475F9656A868 /* /Users/adriand/Documents/Dev/Vulkan/Floof-Engine/Libs/glfw/src/context.c */,
				2B4634627B654816B9B05D98 /* /Users/adriand/Documents/Dev/Vulkan/Floof-Engine/Libs/glfw/src/egl_context.c */,
				18518EFF8A414EC6BA699AA4 /* /Users/adriand/Documents/Dev/Vulkan/Floof-Engine/Libs/glfw/src/init.c */,
				041A5EB5C3DC4592A1E9FD56 /* /Users/adriand/Documents/Dev/Vulkan/Floof-Engine/Libs/glfw/src/input.c */,
				0C8CEDFD257A41F590F27748 /* /Users/adriand/Documents/Dev/Vulkan/Floof-Engine/Libs/glfw/src/monitor.c */,
				3B998772A2CB45F698F5BA03 /* /Users/adriand/Documents/Dev/Vulkan/Floof-Engine/Libs/glfw/src/nsgl_context.m */,
				5AECB7D965494D898B7AD715 /* /Users/adriand/Documents/Dev/Vulkan/Floof-Engine/Libs/glfw/src/null_init.c */,
				33E76B24CDFD4605B4EAE27F /* /Users/adriand/Documents/Dev/Vulkan/Floof-Engine/Libs/glfw/src/null_joystick.c */,
				3642747A674944B991AB81FD /* /Users/adriand/Documents/Dev/Vulkan/Floof-Engine/Libs/glfw/src/null_monitor.c */,
				ED8ECE61E37D418CA861EC84 /* /Users/adriand/Documents/Dev/Vulkan/Floof-Engine/Libs/glfw/src/null_window.c */,
				07A40C7DD6294792926EEE79 /* /Users/adriand/Documents/Dev/Vulkan/Floof-Engine/Libs/glfw/src/osmesa_context.c */,
				241D7F04018345EEAE2D94D8 /* /Users/adriand/Documents/Dev/Vulkan/Floof-Engine/Libs/glfw/src/platform.c */,
				149C6641800C426D956AB82F /* /Users/adriand/Documents/Dev/Vulkan/Floof-Engine/Libs/glfw/src/posix_module.c */,
				70E16C0D91A44E7EB6283F5C /* /Users/adriand/Documents/Dev/Vulkan/Floof-Engine/Libs/glfw/src/posix_thread.c */,
				535379E44C784688A993800F /* /Users/adriand/Documents/Dev/Vulkan/Floof-Engine/Libs/glfw/src/vulkan.c */,
				4480B6888556452387E6EEC2 /* /Users/adriand/Documents/Dev/Vulkan/Floof-Engine/Libs/glfw/src/window.c */,
			);
			runOnlyForDeploymentPostprocessing = 0;
		};
/* End PBXSourcesBuildPhase section */

/* Begin PBXTargetDependency section */
		037975552A7449A39DA7D16F /* PBXTargetDependency */ = {
			isa = PBXTargetDependency;
			target = DFBF11FFD4284FB9AD4788F6 /* ZERO_CHECK */;
			targetProxy = DA050776DA54441FB21112D4 /* PBXContainerItemProxy */;
		};
		1D97BED26E9A4CCBA5552443 /* PBXTargetDependency */ = {
			isa = PBXTargetDependency;
			target = B3756285A5734AC8817C7133 /* glfw */;
			targetProxy = 49FA90FEB5E4418FBD495CCF /* PBXContainerItemProxy */;
		};
		BF2941846C414B59804F5914 /* PBXTargetDependency */ = {
			isa = PBXTargetDependency;
			target = DFBF11FFD4284FB9AD4788F6 /* ZERO_CHECK */;
			targetProxy = 6DDD624A865C49B5AE890F2A /* PBXContainerItemProxy */;
		};
		F919D78265A9451C8F8A0B29 /* PBXTargetDependency */ = {
			isa = PBXTargetDependency;
			target = E6CAFF21C6974B72ACD76ECB /* ALL_BUILD */;
			targetProxy = 4809643367B6497BBE4B2494 /* PBXContainerItemProxy */;
		};
/* End PBXTargetDependency section */

/* Begin XCBuildConfiguration section */
		04311D295E2242B1A1BAB1AA /* MinSizeRel */ = {
			isa = XCBuildConfiguration;
			buildSettings = {
				ARCHS = arm64;
				COMBINE_HIDPI_IMAGES = YES;
				GCC_GENERATE_DEBUGGING_SYMBOLS = YES;
				GCC_INLINES_ARE_PRIVATE_EXTERN = NO;
				GCC_OPTIMIZATION_LEVEL = 0;
				GCC_PREPROCESSOR_DEFINITIONS = ("'CMAKE_INTDIR=\"$(CONFIGURATION)$(EFFECTIVE_PLATFORM_NAME)\"'","$(inherited)");
				GCC_SYMBOLS_PRIVATE_EXTERN = NO;
				INSTALL_PATH = "";
				ONLY_ACTIVE_ARCH = NO;
				OTHER_LDFLAGS = ("","$(inherited)");
				OTHER_REZFLAGS = "";
				PRODUCT_NAME = ZERO_CHECK;
				SECTORDER_FLAGS = "";
				SYMROOT = "/Users/adriand/Documents/Dev/Vulkan/Floof-Engine/xcode-build/Libs/glfw";
				USE_HEADERMAP = NO;
				WARNING_CFLAGS = ("$(inherited)");
			};
			name = MinSizeRel;
		};
		095F2D0F248046D9992323FF /* Debug */ = {
			isa = XCBuildConfiguration;
			buildSettings = {
				ARCHS = arm64;
				COMBINE_HIDPI_IMAGES = YES;
				GCC_GENERATE_DEBUGGING_SYMBOLS = YES;
				GCC_INLINES_ARE_PRIVATE_EXTERN = NO;
				GCC_OPTIMIZATION_LEVEL = 0;
				GCC_PREPROCESSOR_DEFINITIONS = ("'CMAKE_INTDIR=\"$(CONFIGURATION)$(EFFECTIVE_PLATFORM_NAME)\"'","$(inherited)");
				GCC_SYMBOLS_PRIVATE_EXTERN = NO;
				INSTALL_PATH = "";
				ONLY_ACTIVE_ARCH = NO;
				OTHER_LDFLAGS = ("","$(inherited)");
				OTHER_REZFLAGS = "";
				PRODUCT_NAME = install;
				SECTORDER_FLAGS = "";
				SYMROOT = "/Users/adriand/Documents/Dev/Vulkan/Floof-Engine/xcode-build/Libs/glfw";
				USE_HEADERMAP = NO;
				WARNING_CFLAGS = ("$(inherited)");
			};
			name = Debug;
		};
		119E623B3C94423E92B743BB /* RelWithDebInfo */ = {
			isa = XCBuildConfiguration;
			buildSettings = {
				ARCHS = arm64;
				COMBINE_HIDPI_IMAGES = YES;
				GCC_GENERATE_DEBUGGING_SYMBOLS = YES;
				GCC_INLINES_ARE_PRIVATE_EXTERN = NO;
				GCC_OPTIMIZATION_LEVEL = 0;
				GCC_PREPROCESSOR_DEFINITIONS = ("'CMAKE_INTDIR=\"$(CONFIGURATION)$(EFFECTIVE_PLATFORM_NAME)\"'","$(inherited)");
				GCC_SYMBOLS_PRIVATE_EXTERN = NO;
				INSTALL_PATH = "";
				ONLY_ACTIVE_ARCH = NO;
				OTHER_LDFLAGS = ("","$(inherited)");
				OTHER_REZFLAGS = "";
				PRODUCT_NAME = update_mappings;
				SECTORDER_FLAGS = "";
				SYMROOT = "/Users/adriand/Documents/Dev/Vulkan/Floof-Engine/xcode-build/Libs/glfw/src";
				USE_HEADERMAP = NO;
				WARNING_CFLAGS = ("$(inherited)");
			};
			name = RelWithDebInfo;
		};
		14D555A7090D4CE883CF5283 /* Debug */ = {
			isa = XCBuildConfiguration;
			buildSettings = {
				ARCHS = arm64;
				SDKROOT = /Applications/Xcode.app/Contents/Developer/Platforms/MacOSX.platform/Developer/SDKs/MacOSX12.3.sdk;
				SYMROOT = "/Users/adriand/Documents/Dev/Vulkan/Floof-Engine/xcode-build/Libs/glfw/build";
			};
			name = Debug;
		};
		2162FB751FAE45CEA5CFAF6E /* Release */ = {
			isa = XCBuildConfiguration;
			buildSettings = {
				ARCHS = arm64;
				COMBINE_HIDPI_IMAGES = YES;
				EXECUTABLE_PREFIX = lib;
				EXECUTABLE_SUFFIX = .a;
				GCC_GENERATE_DEBUGGING_SYMBOLS = NO;
				GCC_INLINES_ARE_PRIVATE_EXTERN = NO;
				GCC_OPTIMIZATION_LEVEL = 3;
				GCC_PREPROCESSOR_DEFINITIONS = ("'CMAKE_INTDIR=\"$(CONFIGURATION)$(EFFECTIVE_PLATFORM_NAME)\"'",_GLFW_COCOA,"$(inherited)");
				GCC_SYMBOLS_PRIVATE_EXTERN = NO;
				HEADER_SEARCH_PATHS = ("/Users/adriand/Documents/Dev/Vulkan/Floof-Engine/Libs/glfw/include","/Users/adriand/Documents/Dev/Vulkan/Floof-Engine/Libs/glfw/src","/Users/adriand/Documents/Dev/Vulkan/Floof-Engine/xcode-build/Libs/glfw/src","$(inherited)");
				INSTALL_PATH = "";
				LIBRARY_STYLE = STATIC;
				ONLY_ACTIVE_ARCH = NO;
				OTHER_CFLAGS = ("    -DNDEBUG -fPIC -Wall '-std=c99' ","$(inherited)");
				OTHER_LIBTOOLFLAGS = ("");
				OTHER_REZFLAGS = "";
				PRODUCT_NAME = glfw3;
				SECTORDER_FLAGS = "";
				SYMROOT = "/Users/adriand/Documents/Dev/Vulkan/Floof-Engine/xcode-build/Libs/glfw/src";
				USE_HEADERMAP = NO;
				WARNING_CFLAGS = ("$(inherited)");
			};
			name = Release;
		};
		21B45530FBB5423BB3808306 /* Release */ = {
			isa = XCBuildConfiguration;
			buildSettings = {
				ARCHS = arm64;
				SDKROOT = /Applications/Xcode.app/Contents/Developer/Platforms/MacOSX.platform/Developer/SDKs/MacOSX12.3.sdk;
				SYMROOT = "/Users/adriand/Documents/Dev/Vulkan/Floof-Engine/xcode-build/Libs/glfw/build";
			};
			name = Release;
		};
		26C6E009DFE4431C9784B6A3 /* RelWithDebInfo */ = {
			isa = XCBuildConfiguration;
			buildSettings = {
				ARCHS = arm64;
				COMBINE_HIDPI_IMAGES = YES;
				GCC_GENERATE_DEBUGGING_SYMBOLS = YES;
				GCC_INLINES_ARE_PRIVATE_EXTERN = NO;
				GCC_OPTIMIZATION_LEVEL = 0;
				GCC_PREPROCESSOR_DEFINITIONS = ("'CMAKE_INTDIR=\"$(CONFIGURATION)$(EFFECTIVE_PLATFORM_NAME)\"'","$(inherited)");
				GCC_SYMBOLS_PRIVATE_EXTERN = NO;
				INSTALL_PATH = "";
				ONLY_ACTIVE_ARCH = NO;
				OTHER_LDFLAGS = ("","$(inherited)");
				OTHER_REZFLAGS = "";
				PRODUCT_NAME = uninstall;
				SECTORDER_FLAGS = "";
				SYMROOT = "/Users/adriand/Documents/Dev/Vulkan/Floof-Engine/xcode-build/Libs/glfw";
				USE_HEADERMAP = NO;
				WARNING_CFLAGS = ("$(inherited)");
			};
			name = RelWithDebInfo;
		};
		38C3EA6DE47B4B898D556C50 /* RelWithDebInfo */ = {
			isa = XCBuildConfiguration;
			buildSettings = {
				ARCHS = arm64;
				COMBINE_HIDPI_IMAGES = YES;
				GCC_GENERATE_DEBUGGING_SYMBOLS = YES;
				GCC_INLINES_ARE_PRIVATE_EXTERN = NO;
				GCC_OPTIMIZATION_LEVEL = 0;
				GCC_PREPROCESSOR_DEFINITIONS = ("'CMAKE_INTDIR=\"$(CONFIGURATION)$(EFFECTIVE_PLATFORM_NAME)\"'","$(inherited)");
				GCC_SYMBOLS_PRIVATE_EXTERN = NO;
				INSTALL_PATH = "";
				ONLY_ACTIVE_ARCH = NO;
				OTHER_LDFLAGS = ("","$(inherited)");
				OTHER_REZFLAGS = "";
				PRODUCT_NAME = ALL_BUILD;
				SECTORDER_FLAGS = "";
				SYMROOT = "/Users/adriand/Documents/Dev/Vulkan/Floof-Engine/xcode-build/Libs/glfw";
				USE_HEADERMAP = NO;
				WARNING_CFLAGS = ("$(inherited)");
			};
			name = RelWithDebInfo;
		};
		3F422F274EE54E058FDA5334 /* Debug */ = {
			isa = XCBuildConfiguration;
			buildSettings = {
				ARCHS = arm64;
				COMBINE_HIDPI_IMAGES = YES;
				GCC_GENERATE_DEBUGGING_SYMBOLS = YES;
				GCC_INLINES_ARE_PRIVATE_EXTERN = NO;
				GCC_OPTIMIZATION_LEVEL = 0;
				GCC_PREPROCESSOR_DEFINITIONS = ("'CMAKE_INTDIR=\"$(CONFIGURATION)$(EFFECTIVE_PLATFORM_NAME)\"'","$(inherited)");
				GCC_SYMBOLS_PRIVATE_EXTERN = NO;
				INSTALL_PATH = "";
				ONLY_ACTIVE_ARCH = NO;
				OTHER_LDFLAGS = ("","$(inherited)");
				OTHER_REZFLAGS = "";
				PRODUCT_NAME = ALL_BUILD;
				SECTORDER_FLAGS = "";
				SYMROOT = "/Users/adriand/Documents/Dev/Vulkan/Floof-Engine/xcode-build/Libs/glfw";
				USE_HEADERMAP = NO;
				WARNING_CFLAGS = ("$(inherited)");
			};
			name = Debug;
		};
		4536DAA11D0A4396B6616ABE /* MinSizeRel */ = {
			isa = XCBuildConfiguration;
			buildSettings = {
				ARCHS = arm64;
				SDKROOT = /Applications/Xcode.app/Contents/Developer/Platforms/MacOSX.platform/Developer/SDKs/MacOSX12.3.sdk;
				SYMROOT = "/Users/adriand/Documents/Dev/Vulkan/Floof-Engine/xcode-build/Libs/glfw/build";
			};
			name = MinSizeRel;
		};
		5BD400C7E48F4D9799D7FDC3 /* Debug */ = {
			isa = XCBuildConfiguration;
			buildSettings = {
				ARCHS = arm64;
				COMBINE_HIDPI_IMAGES = YES;
				GCC_GENERATE_DEBUGGING_SYMBOLS = YES;
				GCC_INLINES_ARE_PRIVATE_EXTERN = NO;
				GCC_OPTIMIZATION_LEVEL = 0;
				GCC_PREPROCESSOR_DEFINITIONS = ("'CMAKE_INTDIR=\"$(CONFIGURATION)$(EFFECTIVE_PLATFORM_NAME)\"'","$(inherited)");
				GCC_SYMBOLS_PRIVATE_EXTERN = NO;
				INSTALL_PATH = "";
				ONLY_ACTIVE_ARCH = NO;
				OTHER_LDFLAGS = ("","$(inherited)");
				OTHER_REZFLAGS = "";
				PRODUCT_NAME = ZERO_CHECK;
				SECTORDER_FLAGS = "";
				SYMROOT = "/Users/adriand/Documents/Dev/Vulkan/Floof-Engine/xcode-build/Libs/glfw";
				USE_HEADERMAP = NO;
				WARNING_CFLAGS = ("$(inherited)");
			};
			name = Debug;
		};
		639C64900DF2430B8B8BBE1B /* RelWithDebInfo */ = {
			isa = XCBuildConfiguration;
			buildSettings = {
				ARCHS = arm64;
				SDKROOT = /Applications/Xcode.app/Contents/Developer/Platforms/MacOSX.platform/Developer/SDKs/MacOSX12.3.sdk;
				SYMROOT = "/Users/adriand/Documents/Dev/Vulkan/Floof-Engine/xcode-build/Libs/glfw/build";
			};
			name = RelWithDebInfo;
		};
		6543B03C1B2D4D11B9487BEB /* MinSizeRel */ = {
			isa = XCBuildConfiguration;
			buildSettings = {
				ARCHS = arm64;
				COMBINE_HIDPI_IMAGES = YES;
				GCC_GENERATE_DEBUGGING_SYMBOLS = YES;
				GCC_INLINES_ARE_PRIVATE_EXTERN = NO;
				GCC_OPTIMIZATION_LEVEL = 0;
				GCC_PREPROCESSOR_DEFINITIONS = ("'CMAKE_INTDIR=\"$(CONFIGURATION)$(EFFECTIVE_PLATFORM_NAME)\"'","$(inherited)");
				GCC_SYMBOLS_PRIVATE_EXTERN = NO;
				INSTALL_PATH = "";
				ONLY_ACTIVE_ARCH = NO;
				OTHER_LDFLAGS = ("","$(inherited)");
				OTHER_REZFLAGS = "";
				PRODUCT_NAME = update_mappings;
				SECTORDER_FLAGS = "";
				SYMROOT = "/Users/adriand/Documents/Dev/Vulkan/Floof-Engine/xcode-build/Libs/glfw/src";
				USE_HEADERMAP = NO;
				WARNING_CFLAGS = ("$(inherited)");
			};
			name = MinSizeRel;
		};
		6E59312B863F4BECB337E2A2 /* Debug */ = {
			isa = XCBuildConfiguration;
			buildSettings = {
				ARCHS = arm64;
				COMBINE_HIDPI_IMAGES = YES;
				GCC_GENERATE_DEBUGGING_SYMBOLS = YES;
				GCC_INLINES_ARE_PRIVATE_EXTERN = NO;
				GCC_OPTIMIZATION_LEVEL = 0;
				GCC_PREPROCESSOR_DEFINITIONS = ("'CMAKE_INTDIR=\"$(CONFIGURATION)$(EFFECTIVE_PLATFORM_NAME)\"'","$(inherited)");
				GCC_SYMBOLS_PRIVATE_EXTERN = NO;
				INSTALL_PATH = "";
				ONLY_ACTIVE_ARCH = NO;
				OTHER_LDFLAGS = ("","$(inherited)");
				OTHER_REZFLAGS = "";
				PRODUCT_NAME = uninstall;
				SECTORDER_FLAGS = "";
				SYMROOT = "/Users/adriand/Documents/Dev/Vulkan/Floof-Engine/xcode-build/Libs/glfw";
				USE_HEADERMAP = NO;
				WARNING_CFLAGS = ("$(inherited)");
			};
			name = Debug;
		};
		7B41A7B1A1C64AA2B17E1FF5 /* MinSizeRel */ = {
			isa = XCBuildConfiguration;
			buildSettings = {
				ARCHS = arm64;
				COMBINE_HIDPI_IMAGES = YES;
				GCC_GENERATE_DEBUGGING_SYMBOLS = YES;
				GCC_INLINES_ARE_PRIVATE_EXTERN = NO;
				GCC_OPTIMIZATION_LEVEL = 0;
				GCC_PREPROCESSOR_DEFINITIONS = ("'CMAKE_INTDIR=\"$(CONFIGURATION)$(EFFECTIVE_PLATFORM_NAME)\"'","$(inherited)");
				GCC_SYMBOLS_PRIVATE_EXTERN = NO;
				INSTALL_PATH = "";
				ONLY_ACTIVE_ARCH = NO;
				OTHER_LDFLAGS = ("","$(inherited)");
				OTHER_REZFLAGS = "";
				PRODUCT_NAME = install;
				SECTORDER_FLAGS = "";
				SYMROOT = "/Users/adriand/Documents/Dev/Vulkan/Floof-Engine/xcode-build/Libs/glfw";
				USE_HEADERMAP = NO;
				WARNING_CFLAGS = ("$(inherited)");
			};
			name = MinSizeRel;
		};
		7F107229056944E2B3A2E4B9 /* Debug */ = {
			isa = XCBuildConfiguration;
			buildSettings = {
				ARCHS = arm64;
				COMBINE_HIDPI_IMAGES = YES;
				GCC_GENERATE_DEBUGGING_SYMBOLS = YES;
				GCC_INLINES_ARE_PRIVATE_EXTERN = NO;
				GCC_OPTIMIZATION_LEVEL = 0;
				GCC_PREPROCESSOR_DEFINITIONS = ("'CMAKE_INTDIR=\"$(CONFIGURATION)$(EFFECTIVE_PLATFORM_NAME)\"'","$(inherited)");
				GCC_SYMBOLS_PRIVATE_EXTERN = NO;
				INSTALL_PATH = "";
				ONLY_ACTIVE_ARCH = NO;
				OTHER_LDFLAGS = ("","$(inherited)");
				OTHER_REZFLAGS = "";
				PRODUCT_NAME = update_mappings;
				SECTORDER_FLAGS = "";
				SYMROOT = "/Users/adriand/Documents/Dev/Vulkan/Floof-Engine/xcode-build/Libs/glfw/src";
				USE_HEADERMAP = NO;
				WARNING_CFLAGS = ("$(inherited)");
			};
			name = Debug;
		};
		95BFBCA4AECF4870898B3251 /* RelWithDebInfo */ = {
			isa = XCBuildConfiguration;
			buildSettings = {
				ARCHS = arm64;
				COMBINE_HIDPI_IMAGES = YES;
				GCC_GENERATE_DEBUGGING_SYMBOLS = YES;
				GCC_INLINES_ARE_PRIVATE_EXTERN = NO;
				GCC_OPTIMIZATION_LEVEL = 0;
				GCC_PREPROCESSOR_DEFINITIONS = ("'CMAKE_INTDIR=\"$(CONFIGURATION)$(EFFECTIVE_PLATFORM_NAME)\"'","$(inherited)");
				GCC_SYMBOLS_PRIVATE_EXTERN = NO;
				INSTALL_PATH = "";
				ONLY_ACTIVE_ARCH = NO;
				OTHER_LDFLAGS = ("","$(inherited)");
				OTHER_REZFLAGS = "";
				PRODUCT_NAME = install;
				SECTORDER_FLAGS = "";
				SYMROOT = "/Users/adriand/Documents/Dev/Vulkan/Floof-Engine/xcode-build/Libs/glfw";
				USE_HEADERMAP = NO;
				WARNING_CFLAGS = ("$(inherited)");
			};
			name = RelWithDebInfo;
		};
		99AF04055E2A4F73A29B489F /* Release */ = {
			isa = XCBuildConfiguration;
			buildSettings = {
				ARCHS = arm64;
				COMBINE_HIDPI_IMAGES = YES;
				GCC_GENERATE_DEBUGGING_SYMBOLS = YES;
				GCC_INLINES_ARE_PRIVATE_EXTERN = NO;
				GCC_OPTIMIZATION_LEVEL = 0;
				GCC_PREPROCESSOR_DEFINITIONS = ("'CMAKE_INTDIR=\"$(CONFIGURATION)$(EFFECTIVE_PLATFORM_NAME)\"'","$(inherited)");
				GCC_SYMBOLS_PRIVATE_EXTERN = NO;
				INSTALL_PATH = "";
				ONLY_ACTIVE_ARCH = NO;
				OTHER_LDFLAGS = ("","$(inherited)");
				OTHER_REZFLAGS = "";
				PRODUCT_NAME = install;
				SECTORDER_FLAGS = "";
				SYMROOT = "/Users/adriand/Documents/Dev/Vulkan/Floof-Engine/xcode-build/Libs/glfw";
				USE_HEADERMAP = NO;
				WARNING_CFLAGS = ("$(inherited)");
			};
			name = Release;
		};
		9B2747A7A95D4F99858226DE /* MinSizeRel */ = {
			isa = XCBuildConfiguration;
			buildSettings = {
				ARCHS = arm64;
				COMBINE_HIDPI_IMAGES = YES;
				GCC_GENERATE_DEBUGGING_SYMBOLS = YES;
				GCC_INLINES_ARE_PRIVATE_EXTERN = NO;
				GCC_OPTIMIZATION_LEVEL = 0;
				GCC_PREPROCESSOR_DEFINITIONS = ("'CMAKE_INTDIR=\"$(CONFIGURATION)$(EFFECTIVE_PLATFORM_NAME)\"'","$(inherited)");
				GCC_SYMBOLS_PRIVATE_EXTERN = NO;
				INSTALL_PATH = "";
				ONLY_ACTIVE_ARCH = NO;
				OTHER_LDFLAGS = ("","$(inherited)");
				OTHER_REZFLAGS = "";
				PRODUCT_NAME = ALL_BUILD;
				SECTORDER_FLAGS = "";
				SYMROOT = "/Users/adriand/Documents/Dev/Vulkan/Floof-Engine/xcode-build/Libs/glfw";
				USE_HEADERMAP = NO;
				WARNING_CFLAGS = ("$(inherited)");
			};
			name = MinSizeRel;
		};
		9B68B10DEF384CBE8B4AC067 /* MinSizeRel */ = {
			isa = XCBuildConfiguration;
			buildSettings = {
				ARCHS = arm64;
				COMBINE_HIDPI_IMAGES = YES;
				EXECUTABLE_PREFIX = lib;
				EXECUTABLE_SUFFIX = .a;
				GCC_GENERATE_DEBUGGING_SYMBOLS = NO;
				GCC_INLINES_ARE_PRIVATE_EXTERN = NO;
				GCC_OPTIMIZATION_LEVEL = s;
				GCC_PREPROCESSOR_DEFINITIONS = ("'CMAKE_INTDIR=\"$(CONFIGURATION)$(EFFECTIVE_PLATFORM_NAME)\"'",_GLFW_COCOA,"$(inherited)");
				GCC_SYMBOLS_PRIVATE_EXTERN = NO;
				HEADER_SEARCH_PATHS = ("/Users/adriand/Documents/Dev/Vulkan/Floof-Engine/Libs/glfw/include","/Users/adriand/Documents/Dev/Vulkan/Floof-Engine/Libs/glfw/src","/Users/adriand/Documents/Dev/Vulkan/Floof-Engine/xcode-build/Libs/glfw/src","$(inherited)");
				INSTALL_PATH = "";
				LIBRARY_STYLE = STATIC;
				ONLY_ACTIVE_ARCH = NO;
				OTHER_CFLAGS = ("    -DNDEBUG -fPIC -Wall '-std=c99' ","$(inherited)");
				OTHER_LIBTOOLFLAGS = ("");
				OTHER_REZFLAGS = "";
				PRODUCT_NAME = glfw3;
				SECTORDER_FLAGS = "";
				SYMROOT = "/Users/adriand/Documents/Dev/Vulkan/Floof-Engine/xcode-build/Libs/glfw/src";
				USE_HEADERMAP = NO;
				WARNING_CFLAGS = ("$(inherited)");
			};
			name = MinSizeRel;
		};
		B93624EB5C2F4382834A9359 /* Release */ = {
			isa = XCBuildConfiguration;
			buildSettings = {
				ARCHS = arm64;
				COMBINE_HIDPI_IMAGES = YES;
				GCC_GENERATE_DEBUGGING_SYMBOLS = YES;
				GCC_INLINES_ARE_PRIVATE_EXTERN = NO;
				GCC_OPTIMIZATION_LEVEL = 0;
				GCC_PREPROCESSOR_DEFINITIONS = ("'CMAKE_INTDIR=\"$(CONFIGURATION)$(EFFECTIVE_PLATFORM_NAME)\"'","$(inherited)");
				GCC_SYMBOLS_PRIVATE_EXTERN = NO;
				INSTALL_PATH = "";
				ONLY_ACTIVE_ARCH = NO;
				OTHER_LDFLAGS = ("","$(inherited)");
				OTHER_REZFLAGS = "";
				PRODUCT_NAME = ALL_BUILD;
				SECTORDER_FLAGS = "";
				SYMROOT = "/Users/adriand/Documents/Dev/Vulkan/Floof-Engine/xcode-build/Libs/glfw";
				USE_HEADERMAP = NO;
				WARNING_CFLAGS = ("$(inherited)");
			};
			name = Release;
		};
		BB112CFB1F4C4335816879FE /* MinSizeRel */ = {
			isa = XCBuildConfiguration;
			buildSettings = {
				ARCHS = arm64;
				COMBINE_HIDPI_IMAGES = YES;
				GCC_GENERATE_DEBUGGING_SYMBOLS = YES;
				GCC_INLINES_ARE_PRIVATE_EXTERN = NO;
				GCC_OPTIMIZATION_LEVEL = 0;
				GCC_PREPROCESSOR_DEFINITIONS = ("'CMAKE_INTDIR=\"$(CONFIGURATION)$(EFFECTIVE_PLATFORM_NAME)\"'","$(inherited)");
				GCC_SYMBOLS_PRIVATE_EXTERN = NO;
				INSTALL_PATH = "";
				ONLY_ACTIVE_ARCH = NO;
				OTHER_LDFLAGS = ("","$(inherited)");
				OTHER_REZFLAGS = "";
				PRODUCT_NAME = uninstall;
				SECTORDER_FLAGS = "";
				SYMROOT = "/Users/adriand/Documents/Dev/Vulkan/Floof-Engine/xcode-build/Libs/glfw";
				USE_HEADERMAP = NO;
				WARNING_CFLAGS = ("$(inherited)");
			};
			name = MinSizeRel;
		};
		BF62F4F107AE423AA9B22E5D /* RelWithDebInfo */ = {
			isa = XCBuildConfiguration;
			buildSettings = {
				ARCHS = arm64;
				COMBINE_HIDPI_IMAGES = YES;
				EXECUTABLE_PREFIX = lib;
				EXECUTABLE_SUFFIX = .a;
				GCC_GENERATE_DEBUGGING_SYMBOLS = YES;
				GCC_INLINES_ARE_PRIVATE_EXTERN = NO;
				GCC_OPTIMIZATION_LEVEL = 2;
				GCC_PREPROCESSOR_DEFINITIONS = ("'CMAKE_INTDIR=\"$(CONFIGURATION)$(EFFECTIVE_PLATFORM_NAME)\"'",_GLFW_COCOA,"$(inherited)");
				GCC_SYMBOLS_PRIVATE_EXTERN = NO;
				HEADER_SEARCH_PATHS = ("/Users/adriand/Documents/Dev/Vulkan/Floof-Engine/Libs/glfw/include","/Users/adriand/Documents/Dev/Vulkan/Floof-Engine/Libs/glfw/src","/Users/adriand/Documents/Dev/Vulkan/Floof-Engine/xcode-build/Libs/glfw/src","$(inherited)");
				INSTALL_PATH = "";
				LIBRARY_STYLE = STATIC;
				ONLY_ACTIVE_ARCH = NO;
				OTHER_CFLAGS = ("       -DNDEBUG -fPIC -Wall '-std=c99' ","$(inherited)");
				OTHER_LIBTOOLFLAGS = ("");
				OTHER_REZFLAGS = "";
				PRODUCT_NAME = glfw3;
				SECTORDER_FLAGS = "";
				SYMROOT = "/Users/adriand/Documents/Dev/Vulkan/Floof-Engine/xcode-build/Libs/glfw/src";
				USE_HEADERMAP = NO;
				WARNING_CFLAGS = ("$(inherited)");
			};
			name = RelWithDebInfo;
		};
		C5D901D7466346DAB43B4B04 /* Release */ = {
			isa = XCBuildConfiguration;
			buildSettings = {
				ARCHS = arm64;
				COMBINE_HIDPI_IMAGES = YES;
				GCC_GENERATE_DEBUGGING_SYMBOLS = YES;
				GCC_INLINES_ARE_PRIVATE_EXTERN = NO;
				GCC_OPTIMIZATION_LEVEL = 0;
				GCC_PREPROCESSOR_DEFINITIONS = ("'CMAKE_INTDIR=\"$(CONFIGURATION)$(EFFECTIVE_PLATFORM_NAME)\"'","$(inherited)");
				GCC_SYMBOLS_PRIVATE_EXTERN = NO;
				INSTALL_PATH = "";
				ONLY_ACTIVE_ARCH = NO;
				OTHER_LDFLAGS = ("","$(inherited)");
				OTHER_REZFLAGS = "";
				PRODUCT_NAME = ZERO_CHECK;
				SECTORDER_FLAGS = "";
				SYMROOT = "/Users/adriand/Documents/Dev/Vulkan/Floof-Engine/xcode-build/Libs/glfw";
				USE_HEADERMAP = NO;
				WARNING_CFLAGS = ("$(inherited)");
			};
			name = Release;
		};
		C6FA51943196461EA360C739 /* Release */ = {
			isa = XCBuildConfiguration;
			buildSettings = {
				ARCHS = arm64;
				COMBINE_HIDPI_IMAGES = YES;
				GCC_GENERATE_DEBUGGING_SYMBOLS = YES;
				GCC_INLINES_ARE_PRIVATE_EXTERN = NO;
				GCC_OPTIMIZATION_LEVEL = 0;
				GCC_PREPROCESSOR_DEFINITIONS = ("'CMAKE_INTDIR=\"$(CONFIGURATION)$(EFFECTIVE_PLATFORM_NAME)\"'","$(inherited)");
				GCC_SYMBOLS_PRIVATE_EXTERN = NO;
				INSTALL_PATH = "";
				ONLY_ACTIVE_ARCH = NO;
				OTHER_LDFLAGS = ("","$(inherited)");
				OTHER_REZFLAGS = "";
				PRODUCT_NAME = update_mappings;
				SECTORDER_FLAGS = "";
				SYMROOT = "/Users/adriand/Documents/Dev/Vulkan/Floof-Engine/xcode-build/Libs/glfw/src";
				USE_HEADERMAP = NO;
				WARNING_CFLAGS = ("$(inherited)");
			};
			name = Release;
		};
		E0485BAA90104B5DBD3B0296 /* Release */ = {
			isa = XCBuildConfiguration;
			buildSettings = {
				ARCHS = arm64;
				COMBINE_HIDPI_IMAGES = YES;
				GCC_GENERATE_DEBUGGING_SYMBOLS = YES;
				GCC_INLINES_ARE_PRIVATE_EXTERN = NO;
				GCC_OPTIMIZATION_LEVEL = 0;
				GCC_PREPROCESSOR_DEFINITIONS = ("'CMAKE_INTDIR=\"$(CONFIGURATION)$(EFFECTIVE_PLATFORM_NAME)\"'","$(inherited)");
				GCC_SYMBOLS_PRIVATE_EXTERN = NO;
				INSTALL_PATH = "";
				ONLY_ACTIVE_ARCH = NO;
				OTHER_LDFLAGS = ("","$(inherited)");
				OTHER_REZFLAGS = "";
				PRODUCT_NAME = uninstall;
				SECTORDER_FLAGS = "";
				SYMROOT = "/Users/adriand/Documents/Dev/Vulkan/Floof-Engine/xcode-build/Libs/glfw";
				USE_HEADERMAP = NO;
				WARNING_CFLAGS = ("$(inherited)");
			};
			name = Release;
		};
		EBEDFEE697B644D98E24193A /* Debug */ = {
			isa = XCBuildConfiguration;
			buildSettings = {
				ARCHS = arm64;
				COMBINE_HIDPI_IMAGES = YES;
				EXECUTABLE_PREFIX = lib;
				EXECUTABLE_SUFFIX = .a;
				GCC_GENERATE_DEBUGGING_SYMBOLS = YES;
				GCC_INLINES_ARE_PRIVATE_EXTERN = NO;
				GCC_OPTIMIZATION_LEVEL = 0;
				GCC_PREPROCESSOR_DEFINITIONS = ("'CMAKE_INTDIR=\"$(CONFIGURATION)$(EFFECTIVE_PLATFORM_NAME)\"'",_GLFW_COCOA,"$(inherited)");
				GCC_SYMBOLS_PRIVATE_EXTERN = NO;
				HEADER_SEARCH_PATHS = ("/Users/adriand/Documents/Dev/Vulkan/Floof-Engine/Libs/glfw/include","/Users/adriand/Documents/Dev/Vulkan/Floof-Engine/Libs/glfw/src","/Users/adriand/Documents/Dev/Vulkan/Floof-Engine/xcode-build/Libs/glfw/src","$(inherited)");
				INSTALL_PATH = "";
				LIBRARY_STYLE = STATIC;
				ONLY_ACTIVE_ARCH = NO;
				OTHER_CFLAGS = ("   -fPIC -Wall '-std=c99' ","$(inherited)");
				OTHER_LIBTOOLFLAGS = ("");
				OTHER_REZFLAGS = "";
				PRODUCT_NAME = glfw3;
				SECTORDER_FLAGS = "";
				SYMROOT = "/Users/adriand/Documents/Dev/Vulkan/Floof-Engine/xcode-build/Libs/glfw/src";
				USE_HEADERMAP = NO;
				WARNING_CFLAGS = ("$(inherited)");
			};
			name = Debug;
		};
		EC831087E4F8476BA669D544 /* RelWithDebInfo */ = {
			isa = XCBuildConfiguration;
			buildSettings = {
				ARCHS = arm64;
				COMBINE_HIDPI_IMAGES = YES;
				GCC_GENERATE_DEBUGGING_SYMBOLS = YES;
				GCC_INLINES_ARE_PRIVATE_EXTERN = NO;
				GCC_OPTIMIZATION_LEVEL = 0;
				GCC_PREPROCESSOR_DEFINITIONS = ("'CMAKE_INTDIR=\"$(CONFIGURATION)$(EFFECTIVE_PLATFORM_NAME)\"'","$(inherited)");
				GCC_SYMBOLS_PRIVATE_EXTERN = NO;
				INSTALL_PATH = "";
				ONLY_ACTIVE_ARCH = NO;
				OTHER_LDFLAGS = ("","$(inherited)");
				OTHER_REZFLAGS = "";
				PRODUCT_NAME = ZERO_CHECK;
				SECTORDER_FLAGS = "";
				SYMROOT = "/Users/adriand/Documents/Dev/Vulkan/Floof-Engine/xcode-build/Libs/glfw";
				USE_HEADERMAP = NO;
				WARNING_CFLAGS = ("$(inherited)");
			};
			name = RelWithDebInfo;
		};
/* End XCBuildConfiguration section */

/* Begin XCConfigurationList section */
		41D7E697FE0D4BE786D30A6A /* Build configuration list for PBXAggregateTarget "uninstall" */ = {
			isa = XCConfigurationList;
			buildConfigurations = (
				6E59312B863F4BECB337E2A2 /* Debug */,
				E0485BAA90104B5DBD3B0296 /* Release */,
				BB112CFB1F4C4335816879FE /* MinSizeRel */,
				26C6E009DFE4431C9784B6A3 /* RelWithDebInfo */,
			);
			defaultConfigurationIsVisible = 0;
			defaultConfigurationName = Debug;
		};
		4D6AEAC0C8B14765B162FDA9 /* Build configuration list for PBXAggregateTarget "install" */ = {
			isa = XCConfigurationList;
			buildConfigurations = (
				095F2D0F248046D9992323FF /* Debug */,
				99AF04055E2A4F73A29B489F /* Release */,
				7B41A7B1A1C64AA2B17E1FF5 /* MinSizeRel */,
				95BFBCA4AECF4870898B3251 /* RelWithDebInfo */,
			);
			defaultConfigurationIsVisible = 0;
			defaultConfigurationName = Debug;
		};
		63F122F631C84BE4A946DE7E /* Build configuration list for PBXAggregateTarget "update_mappings" */ = {
			isa = XCConfigurationList;
			buildConfigurations = (
				7F107229056944E2B3A2E4B9 /* Debug */,
				C6FA51943196461EA360C739 /* Release */,
				6543B03C1B2D4D11B9487BEB /* MinSizeRel */,
				119E623B3C94423E92B743BB /* RelWithDebInfo */,
			);
			defaultConfigurationIsVisible = 0;
			defaultConfigurationName = Debug;
		};
		700C6ACF48F74309B1AA79E6 /* Build configuration list for PBXAggregateTarget "ZERO_CHECK" */ = {
			isa = XCConfigurationList;
			buildConfigurations = (
				5BD400C7E48F4D9799D7FDC3 /* Debug */,
				C5D901D7466346DAB43B4B04 /* Release */,
				04311D295E2242B1A1BAB1AA /* MinSizeRel */,
				EC831087E4F8476BA669D544 /* RelWithDebInfo */,
			);
			defaultConfigurationIsVisible = 0;
			defaultConfigurationName = Debug;
		};
		82B79A1AD91144C9AAD015A3 /* Build configuration list for PBXProject "GLFW" */ = {
			isa = XCConfigurationList;
			buildConfigurations = (
				14D555A7090D4CE883CF5283 /* Debug */,
				21B45530FBB5423BB3808306 /* Release */,
				4536DAA11D0A4396B6616ABE /* MinSizeRel */,
				639C64900DF2430B8B8BBE1B /* RelWithDebInfo */,
			);
			defaultConfigurationIsVisible = 0;
			defaultConfigurationName = Debug;
		};
		91839D72AC7247C69766CCC7 /* Build configuration list for PBXNativeTarget "glfw" */ = {
			isa = XCConfigurationList;
			buildConfigurations = (
				EBEDFEE697B644D98E24193A /* Debug */,
				2162FB751FAE45CEA5CFAF6E /* Release */,
				9B68B10DEF384CBE8B4AC067 /* MinSizeRel */,
				BF62F4F107AE423AA9B22E5D /* RelWithDebInfo */,
			);
			defaultConfigurationIsVisible = 0;
			defaultConfigurationName = Debug;
		};
		9FD577FED275480389E2437D /* Build configuration list for PBXAggregateTarget "ALL_BUILD" */ = {
			isa = XCConfigurationList;
			buildConfigurations = (
				3F422F274EE54E058FDA5334 /* Debug */,
				B93624EB5C2F4382834A9359 /* Release */,
				9B2747A7A95D4F99858226DE /* MinSizeRel */,
				38C3EA6DE47B4B898D556C50 /* RelWithDebInfo */,
			);
			defaultConfigurationIsVisible = 0;
			defaultConfigurationName = Debug;
		};
/* End XCConfigurationList section */
	};
	rootObject = F5C35BDCD9834F23BBB6F5C5 /* Project object */;
}
